// !$*UTF8*$!
{
	archiveVersion = 1;
	classes = {
	};
	objectVersion = 46;
	objects = {

/* Begin PBXBuildFile section */
		1C0DACF01E966B9C00B3D2C4 /* AppDelegate.swift in Sources */ = {isa = PBXBuildFile; fileRef = 1C0DACEF1E966B9C00B3D2C4 /* AppDelegate.swift */; };
		1C0DACF71E966B9C00B3D2C4 /* Assets.xcassets in Resources */ = {isa = PBXBuildFile; fileRef = 1C0DACF61E966B9C00B3D2C4 /* Assets.xcassets */; };
		1C0DAD051E966B9D00B3D2C4 /* Rx_TubeAppTests.swift in Sources */ = {isa = PBXBuildFile; fileRef = 1C0DAD041E966B9D00B3D2C4 /* Rx_TubeAppTests.swift */; };
		1C0DAD101E966B9D00B3D2C4 /* Rx_TubeAppUITests.swift in Sources */ = {isa = PBXBuildFile; fileRef = 1C0DAD0F1E966B9D00B3D2C4 /* Rx_TubeAppUITests.swift */; };
		1CEF64601EA587000072C43F /* Launch Screen.storyboard in Resources */ = {isa = PBXBuildFile; fileRef = 1CEF645F1EA587000072C43F /* Launch Screen.storyboard */; };
		A303B39F1F2810460055D12E /* SearchItemCellModel.swift in Sources */ = {isa = PBXBuildFile; fileRef = A303B39E1F2810460055D12E /* SearchItemCellModel.swift */; };
		A303B3A11F2811A10055D12E /* NavigationViewController.swift in Sources */ = {isa = PBXBuildFile; fileRef = A303B3A01F2811A10055D12E /* NavigationViewController.swift */; };
		A303B3A31F2812380055D12E /* SearchView.swift in Sources */ = {isa = PBXBuildFile; fileRef = A303B3A21F2812380055D12E /* SearchView.swift */; };
		A3111F461F1CC5560054BA5E /* VideoCategory.swift in Sources */ = {isa = PBXBuildFile; fileRef = A3111F451F1CC5560054BA5E /* VideoCategory.swift */; };
		A33121EB1F0E85F700FC0AD6 /* Video.swift in Sources */ = {isa = PBXBuildFile; fileRef = A33121EA1F0E85F700FC0AD6 /* Video.swift */; };
		A350AE2C1F3A020B00D387A8 /* Result.framework in Frameworks */ = {isa = PBXBuildFile; fileRef = A37245ED1F39FA0D00CADACB /* Result.framework */; };
		A350AE2D1F3A020B00D387A8 /* Result.framework in Embed Frameworks */ = {isa = PBXBuildFile; fileRef = A37245ED1F39FA0D00CADACB /* Result.framework */; settings = {ATTRIBUTES = (CodeSignOnCopy, RemoveHeadersOnCopy, ); }; };
		A350AE2E1F3A020B00D387A8 /* RxCocoa.framework in Frameworks */ = {isa = PBXBuildFile; fileRef = A391FE701F3219DA008A2F9C /* RxCocoa.framework */; };
		A350AE2F1F3A020B00D387A8 /* RxCocoa.framework in Embed Frameworks */ = {isa = PBXBuildFile; fileRef = A391FE701F3219DA008A2F9C /* RxCocoa.framework */; settings = {ATTRIBUTES = (CodeSignOnCopy, RemoveHeadersOnCopy, ); }; };
		A350AE301F3A020B00D387A8 /* Kingfisher.framework in Frameworks */ = {isa = PBXBuildFile; fileRef = A3AD33DD1F1FA00E006A1D2E /* Kingfisher.framework */; };
		A350AE311F3A020B00D387A8 /* Kingfisher.framework in Embed Frameworks */ = {isa = PBXBuildFile; fileRef = A3AD33DD1F1FA00E006A1D2E /* Kingfisher.framework */; settings = {ATTRIBUTES = (CodeSignOnCopy, RemoveHeadersOnCopy, ); }; };
		A350AE321F3A020B00D387A8 /* RxMoya.framework in Frameworks */ = {isa = PBXBuildFile; fileRef = A3B0B00D1F05CBD900E053D1 /* RxMoya.framework */; };
		A350AE331F3A020B00D387A8 /* RxMoya.framework in Embed Frameworks */ = {isa = PBXBuildFile; fileRef = A3B0B00D1F05CBD900E053D1 /* RxMoya.framework */; settings = {ATTRIBUTES = (CodeSignOnCopy, RemoveHeadersOnCopy, ); }; };
		A350AE341F3A020B00D387A8 /* Moya.framework in Frameworks */ = {isa = PBXBuildFile; fileRef = A3B0B00B1F05CBC300E053D1 /* Moya.framework */; };
		A350AE351F3A020B00D387A8 /* Moya.framework in Embed Frameworks */ = {isa = PBXBuildFile; fileRef = A3B0B00B1F05CBC300E053D1 /* Moya.framework */; settings = {ATTRIBUTES = (CodeSignOnCopy, RemoveHeadersOnCopy, ); }; };
		A350AE361F3A020B00D387A8 /* SnapKit.framework in Frameworks */ = {isa = PBXBuildFile; fileRef = 1CEF645A1EA581D90072C43F /* SnapKit.framework */; };
		A350AE371F3A020B00D387A8 /* SnapKit.framework in Embed Frameworks */ = {isa = PBXBuildFile; fileRef = 1CEF645A1EA581D90072C43F /* SnapKit.framework */; settings = {ATTRIBUTES = (CodeSignOnCopy, RemoveHeadersOnCopy, ); }; };
		A350AE381F3A020B00D387A8 /* RxSwift.framework in Frameworks */ = {isa = PBXBuildFile; fileRef = 1CEF64581EA581CF0072C43F /* RxSwift.framework */; };
		A350AE391F3A020B00D387A8 /* RxSwift.framework in Embed Frameworks */ = {isa = PBXBuildFile; fileRef = 1CEF64581EA581CF0072C43F /* RxSwift.framework */; settings = {ATTRIBUTES = (CodeSignOnCopy, RemoveHeadersOnCopy, ); }; };
		A350AE3E1F3A09C700D387A8 /* UIViewController+Rx.swift in Sources */ = {isa = PBXBuildFile; fileRef = A350AE3D1F3A09C700D387A8 /* UIViewController+Rx.swift */; };
		A3718ACF1F0DAFDE0048FECC /* channel.json in Resources */ = {isa = PBXBuildFile; fileRef = A3718AC91F0DAFDE0048FECC /* channel.json */; };
		A3718AD01F0DAFDE0048FECC /* searchlist.json in Resources */ = {isa = PBXBuildFile; fileRef = A3718ACA1F0DAFDE0048FECC /* searchlist.json */; };
		A3718AD11F0DAFDE0048FECC /* subscriptionsdelete.json in Resources */ = {isa = PBXBuildFile; fileRef = A3718ACB1F0DAFDE0048FECC /* subscriptionsdelete.json */; };
		A3718AD21F0DAFDE0048FECC /* subscriptionsinsert.json in Resources */ = {isa = PBXBuildFile; fileRef = A3718ACC1F0DAFDE0048FECC /* subscriptionsinsert.json */; };
		A3718AD31F0DAFDE0048FECC /* subscriptionslist.json in Resources */ = {isa = PBXBuildFile; fileRef = A3718ACD1F0DAFDE0048FECC /* subscriptionslist.json */; };
		A3718AD41F0DAFDE0048FECC /* videos.json in Resources */ = {isa = PBXBuildFile; fileRef = A3718ACE1F0DAFDE0048FECC /* videos.json */; };
		A3718AD61F0DB31A0048FECC /* YoutubeAPI.swift in Sources */ = {isa = PBXBuildFile; fileRef = A3718AD51F0DB31A0048FECC /* YoutubeAPI.swift */; };
		A38A2FAD1F1840B9006715A0 /* PlayerView.swift in Sources */ = {isa = PBXBuildFile; fileRef = A38A2FAC1F1840B9006715A0 /* PlayerView.swift */; };
		A38A2FAF1F1840D0006715A0 /* PlayerViewModel.swift in Sources */ = {isa = PBXBuildFile; fileRef = A38A2FAE1F1840D0006715A0 /* PlayerViewModel.swift */; };
		A3AAF6021F2E0E17003B2A71 /* videoCategories.json in Resources */ = {isa = PBXBuildFile; fileRef = A3AAF6011F2E0E0B003B2A71 /* videoCategories.json */; };
		A3C7BC0D1F150BF0003AF320 /* SearchItems.swift in Sources */ = {isa = PBXBuildFile; fileRef = A3C7BC0C1F150BF0003AF320 /* SearchItems.swift */; };
		A3C7BC0F1F150F2C003AF320 /* ItemListViewController.swift in Sources */ = {isa = PBXBuildFile; fileRef = A3C7BC0E1F150F2C003AF320 /* ItemListViewController.swift */; };
		A3E09E511F22EF7F007BDC76 /* SearchItemCell.swift in Sources */ = {isa = PBXBuildFile; fileRef = A3E09E501F22EF7F007BDC76 /* SearchItemCell.swift */; };
		A3E50A261F46C608001FEC7C /* Alamofire.framework in Frameworks */ = {isa = PBXBuildFile; fileRef = A3E50A241F46C600001FEC7C /* Alamofire.framework */; };
		A3E50A271F46C608001FEC7C /* Alamofire.framework in Embed Frameworks */ = {isa = PBXBuildFile; fileRef = A3E50A241F46C600001FEC7C /* Alamofire.framework */; settings = {ATTRIBUTES = (CodeSignOnCopy, RemoveHeadersOnCopy, ); }; };
		A3FBB62D1F2622ED007AEBC1 /* ItemListViewModel.swift in Sources */ = {isa = PBXBuildFile; fileRef = A3C7BC101F150FDA003AF320 /* ItemListViewModel.swift */; };
/* End PBXBuildFile section */

/* Begin PBXContainerItemProxy section */
		1C0DAD011E966B9D00B3D2C4 /* PBXContainerItemProxy */ = {
			isa = PBXContainerItemProxy;
			containerPortal = 1C0DACE41E966B9C00B3D2C4 /* Project object */;
			proxyType = 1;
			remoteGlobalIDString = 1C0DACEB1E966B9C00B3D2C4;
			remoteInfo = Rx_TubeApp;
		};
		1C0DAD0C1E966B9D00B3D2C4 /* PBXContainerItemProxy */ = {
			isa = PBXContainerItemProxy;
			containerPortal = 1C0DACE41E966B9C00B3D2C4 /* Project object */;
			proxyType = 1;
			remoteGlobalIDString = 1C0DACEB1E966B9C00B3D2C4;
			remoteInfo = Rx_TubeApp;
		};
/* End PBXContainerItemProxy section */

/* Begin PBXCopyFilesBuildPhase section */
		A3FD589E1F39FB97001EDBE0 /* Embed Frameworks */ = {
			isa = PBXCopyFilesBuildPhase;
			buildActionMask = 2147483647;
			dstPath = "";
			dstSubfolderSpec = 10;
			files = (
				A350AE331F3A020B00D387A8 /* RxMoya.framework in Embed Frameworks */,
				A350AE351F3A020B00D387A8 /* Moya.framework in Embed Frameworks */,
				A350AE391F3A020B00D387A8 /* RxSwift.framework in Embed Frameworks */,
				A350AE2F1F3A020B00D387A8 /* RxCocoa.framework in Embed Frameworks */,
				A350AE371F3A020B00D387A8 /* SnapKit.framework in Embed Frameworks */,
				A350AE311F3A020B00D387A8 /* Kingfisher.framework in Embed Frameworks */,
				A350AE2D1F3A020B00D387A8 /* Result.framework in Embed Frameworks */,
				A3E50A271F46C608001FEC7C /* Alamofire.framework in Embed Frameworks */,
			);
			name = "Embed Frameworks";
			runOnlyForDeploymentPostprocessing = 0;
		};
/* End PBXCopyFilesBuildPhase section */

/* Begin PBXFileReference section */
		1C0DACEC1E966B9C00B3D2C4 /* Rx_TubeApp.app */ = {isa = PBXFileReference; explicitFileType = wrapper.application; includeInIndex = 0; path = Rx_TubeApp.app; sourceTree = BUILT_PRODUCTS_DIR; };
		1C0DACEF1E966B9C00B3D2C4 /* AppDelegate.swift */ = {isa = PBXFileReference; lastKnownFileType = sourcecode.swift; name = AppDelegate.swift; path = Application/AppDelegate.swift; sourceTree = "<group>"; };
		1C0DACF61E966B9C00B3D2C4 /* Assets.xcassets */ = {isa = PBXFileReference; lastKnownFileType = folder.assetcatalog; name = Assets.xcassets; path = Application/Assets.xcassets; sourceTree = "<group>"; };
		1C0DACFB1E966B9C00B3D2C4 /* Info.plist */ = {isa = PBXFileReference; lastKnownFileType = text.plist.xml; name = Info.plist; path = Application/Info.plist; sourceTree = "<group>"; };
		1C0DAD001E966B9D00B3D2C4 /* Rx_TubeAppTests.xctest */ = {isa = PBXFileReference; explicitFileType = wrapper.cfbundle; includeInIndex = 0; path = Rx_TubeAppTests.xctest; sourceTree = BUILT_PRODUCTS_DIR; };
		1C0DAD041E966B9D00B3D2C4 /* Rx_TubeAppTests.swift */ = {isa = PBXFileReference; lastKnownFileType = sourcecode.swift; path = Rx_TubeAppTests.swift; sourceTree = "<group>"; };
		1C0DAD061E966B9D00B3D2C4 /* Info.plist */ = {isa = PBXFileReference; lastKnownFileType = text.plist.xml; path = Info.plist; sourceTree = "<group>"; };
		1C0DAD0B1E966B9D00B3D2C4 /* Rx_TubeAppUITests.xctest */ = {isa = PBXFileReference; explicitFileType = wrapper.cfbundle; includeInIndex = 0; path = Rx_TubeAppUITests.xctest; sourceTree = BUILT_PRODUCTS_DIR; };
		1C0DAD0F1E966B9D00B3D2C4 /* Rx_TubeAppUITests.swift */ = {isa = PBXFileReference; lastKnownFileType = sourcecode.swift; path = Rx_TubeAppUITests.swift; sourceTree = "<group>"; };
		1C0DAD111E966B9D00B3D2C4 /* Info.plist */ = {isa = PBXFileReference; lastKnownFileType = text.plist.xml; path = Info.plist; sourceTree = "<group>"; };
		1CEF64581EA581CF0072C43F /* RxSwift.framework */ = {isa = PBXFileReference; lastKnownFileType = wrapper.framework; name = RxSwift.framework; path = Carthage/Build/iOS/RxSwift.framework; sourceTree = "<group>"; };
		1CEF645A1EA581D90072C43F /* SnapKit.framework */ = {isa = PBXFileReference; lastKnownFileType = wrapper.framework; name = SnapKit.framework; path = Carthage/Build/iOS/SnapKit.framework; sourceTree = "<group>"; };
		1CEF645F1EA587000072C43F /* Launch Screen.storyboard */ = {isa = PBXFileReference; fileEncoding = 4; lastKnownFileType = file.storyboard; name = "Launch Screen.storyboard"; path = "Application/Launch Screen.storyboard"; sourceTree = "<group>"; };
		A303B39E1F2810460055D12E /* SearchItemCellModel.swift */ = {isa = PBXFileReference; fileEncoding = 4; lastKnownFileType = sourcecode.swift; name = SearchItemCellModel.swift; path = UI/Views/SearchItemCellModel.swift; sourceTree = "<group>"; };
		A303B3A01F2811A10055D12E /* NavigationViewController.swift */ = {isa = PBXFileReference; fileEncoding = 4; lastKnownFileType = sourcecode.swift; name = NavigationViewController.swift; path = UI/ViewControllers/NavigationViewController.swift; sourceTree = "<group>"; };
		A303B3A21F2812380055D12E /* SearchView.swift */ = {isa = PBXFileReference; fileEncoding = 4; lastKnownFileType = sourcecode.swift; name = SearchView.swift; path = UI/Views/SearchView.swift; sourceTree = "<group>"; };
		A3111F451F1CC5560054BA5E /* VideoCategory.swift */ = {isa = PBXFileReference; fileEncoding = 4; lastKnownFileType = sourcecode.swift; name = VideoCategory.swift; path = Components/Models/VideoCategory.swift; sourceTree = "<group>"; };
		A33121EA1F0E85F700FC0AD6 /* Video.swift */ = {isa = PBXFileReference; fileEncoding = 4; lastKnownFileType = sourcecode.swift; name = Video.swift; path = Components/Models/Video.swift; sourceTree = "<group>"; };
		A350AE3D1F3A09C700D387A8 /* UIViewController+Rx.swift */ = {isa = PBXFileReference; lastKnownFileType = sourcecode.swift; name = "UIViewController+Rx.swift"; path = "Components/Rx/UIViewController+Rx.swift"; sourceTree = "<group>"; };
		A3718AC91F0DAFDE0048FECC /* channel.json */ = {isa = PBXFileReference; fileEncoding = 4; lastKnownFileType = text.json; name = channel.json; path = Application/Resource/StubbedResponses/channel.json; sourceTree = "<group>"; };
		A3718ACA1F0DAFDE0048FECC /* searchlist.json */ = {isa = PBXFileReference; fileEncoding = 4; lastKnownFileType = text.json; name = searchlist.json; path = Application/Resource/StubbedResponses/searchlist.json; sourceTree = "<group>"; };
		A3718ACB1F0DAFDE0048FECC /* subscriptionsdelete.json */ = {isa = PBXFileReference; fileEncoding = 4; lastKnownFileType = text.json; name = subscriptionsdelete.json; path = Application/Resource/StubbedResponses/subscriptionsdelete.json; sourceTree = "<group>"; };
		A3718ACC1F0DAFDE0048FECC /* subscriptionsinsert.json */ = {isa = PBXFileReference; fileEncoding = 4; lastKnownFileType = text.json; name = subscriptionsinsert.json; path = Application/Resource/StubbedResponses/subscriptionsinsert.json; sourceTree = "<group>"; };
		A3718ACD1F0DAFDE0048FECC /* subscriptionslist.json */ = {isa = PBXFileReference; fileEncoding = 4; lastKnownFileType = text.json; name = subscriptionslist.json; path = Application/Resource/StubbedResponses/subscriptionslist.json; sourceTree = "<group>"; };
		A3718ACE1F0DAFDE0048FECC /* videos.json */ = {isa = PBXFileReference; fileEncoding = 4; lastKnownFileType = text.json; name = videos.json; path = Application/Resource/StubbedResponses/videos.json; sourceTree = "<group>"; };
		A3718AD51F0DB31A0048FECC /* YoutubeAPI.swift */ = {isa = PBXFileReference; fileEncoding = 4; lastKnownFileType = sourcecode.swift; name = YoutubeAPI.swift; path = Components/Networking/YoutubeAPI.swift; sourceTree = "<group>"; };
		A37245ED1F39FA0D00CADACB /* Result.framework */ = {isa = PBXFileReference; lastKnownFileType = wrapper.framework; name = Result.framework; path = Carthage/Build/iOS/Result.framework; sourceTree = "<group>"; };
		A38A2FAC1F1840B9006715A0 /* PlayerView.swift */ = {isa = PBXFileReference; fileEncoding = 4; lastKnownFileType = sourcecode.swift; name = PlayerView.swift; path = UI/Views/PlayerView.swift; sourceTree = "<group>"; };
		A38A2FAE1F1840D0006715A0 /* PlayerViewModel.swift */ = {isa = PBXFileReference; fileEncoding = 4; lastKnownFileType = sourcecode.swift; name = PlayerViewModel.swift; path = UI/Views/PlayerViewModel.swift; sourceTree = "<group>"; };
		A391FE701F3219DA008A2F9C /* RxCocoa.framework */ = {isa = PBXFileReference; lastKnownFileType = wrapper.framework; name = RxCocoa.framework; path = Carthage/Build/iOS/RxCocoa.framework; sourceTree = "<group>"; };
		A3AAF6011F2E0E0B003B2A71 /* videoCategories.json */ = {isa = PBXFileReference; lastKnownFileType = text.json; name = videoCategories.json; path = Application/Resource/StubbedResponses/videoCategories.json; sourceTree = "<group>"; };
		A3AD33DD1F1FA00E006A1D2E /* Kingfisher.framework */ = {isa = PBXFileReference; lastKnownFileType = wrapper.framework; name = Kingfisher.framework; path = Carthage/Build/iOS/Kingfisher.framework; sourceTree = "<group>"; };
		A3B0B00B1F05CBC300E053D1 /* Moya.framework */ = {isa = PBXFileReference; lastKnownFileType = wrapper.framework; name = Moya.framework; path = Carthage/Build/iOS/Moya.framework; sourceTree = "<group>"; };
		A3B0B00D1F05CBD900E053D1 /* RxMoya.framework */ = {isa = PBXFileReference; lastKnownFileType = wrapper.framework; name = RxMoya.framework; path = Carthage/Build/iOS/RxMoya.framework; sourceTree = "<group>"; };
		A3C7BC0C1F150BF0003AF320 /* SearchItems.swift */ = {isa = PBXFileReference; fileEncoding = 4; lastKnownFileType = sourcecode.swift; name = SearchItems.swift; path = Components/Models/SearchItems.swift; sourceTree = "<group>"; };
		A3C7BC0E1F150F2C003AF320 /* ItemListViewController.swift */ = {isa = PBXFileReference; fileEncoding = 4; lastKnownFileType = sourcecode.swift; name = ItemListViewController.swift; path = UI/ViewControllers/ItemListViewController.swift; sourceTree = "<group>"; };
		A3C7BC101F150FDA003AF320 /* ItemListViewModel.swift */ = {isa = PBXFileReference; fileEncoding = 4; lastKnownFileType = sourcecode.swift; name = ItemListViewModel.swift; path = UI/ViewControllers/ItemListViewModel.swift; sourceTree = "<group>"; };
		A3E09E501F22EF7F007BDC76 /* SearchItemCell.swift */ = {isa = PBXFileReference; fileEncoding = 4; lastKnownFileType = sourcecode.swift; name = SearchItemCell.swift; path = UI/Views/SearchItemCell.swift; sourceTree = "<group>"; };
		A3E50A241F46C600001FEC7C /* Alamofire.framework */ = {isa = PBXFileReference; lastKnownFileType = wrapper.framework; name = Alamofire.framework; path = Carthage/Build/iOS/Alamofire.framework; sourceTree = "<group>"; };
/* End PBXFileReference section */

/* Begin PBXFrameworksBuildPhase section */
		1C0DACE91E966B9C00B3D2C4 /* Frameworks */ = {
			isa = PBXFrameworksBuildPhase;
			buildActionMask = 2147483647;
			files = (
				A3E50A261F46C608001FEC7C /* Alamofire.framework in Frameworks */,
				A350AE321F3A020B00D387A8 /* RxMoya.framework in Frameworks */,
				A350AE341F3A020B00D387A8 /* Moya.framework in Frameworks */,
				A350AE381F3A020B00D387A8 /* RxSwift.framework in Frameworks */,
				A350AE2E1F3A020B00D387A8 /* RxCocoa.framework in Frameworks */,
				A350AE361F3A020B00D387A8 /* SnapKit.framework in Frameworks */,
				A350AE301F3A020B00D387A8 /* Kingfisher.framework in Frameworks */,
				A350AE2C1F3A020B00D387A8 /* Result.framework in Frameworks */,
			);
			runOnlyForDeploymentPostprocessing = 0;
		};
		1C0DACFD1E966B9D00B3D2C4 /* Frameworks */ = {
			isa = PBXFrameworksBuildPhase;
			buildActionMask = 2147483647;
			files = (
			);
			runOnlyForDeploymentPostprocessing = 0;
		};
		1C0DAD081E966B9D00B3D2C4 /* Frameworks */ = {
			isa = PBXFrameworksBuildPhase;
			buildActionMask = 2147483647;
			files = (
			);
			runOnlyForDeploymentPostprocessing = 0;
		};
/* End PBXFrameworksBuildPhase section */

/* Begin PBXGroup section */
		1C0DACE31E966B9C00B3D2C4 = {
			isa = PBXGroup;
			children = (
				1C0DACEE1E966B9C00B3D2C4 /* Rx_TubeApp */,
				1C0DAD031E966B9D00B3D2C4 /* Rx_TubeAppTests */,
				1C0DAD0E1E966B9D00B3D2C4 /* Rx_TubeAppUITests */,
				1C0DACED1E966B9C00B3D2C4 /* Products */,
				1CEF64551EA581BC0072C43F /* Frameworks */,
			);
			sourceTree = "<group>";
		};
		1C0DACED1E966B9C00B3D2C4 /* Products */ = {
			isa = PBXGroup;
			children = (
				1C0DACEC1E966B9C00B3D2C4 /* Rx_TubeApp.app */,
				1C0DAD001E966B9D00B3D2C4 /* Rx_TubeAppTests.xctest */,
				1C0DAD0B1E966B9D00B3D2C4 /* Rx_TubeAppUITests.xctest */,
			);
			name = Products;
			sourceTree = "<group>";
		};
		1C0DACEE1E966B9C00B3D2C4 /* Rx_TubeApp */ = {
			isa = PBXGroup;
			children = (
				1CEF645E1EA585210072C43F /* UI */,
				1CEF645D1EA585140072C43F /* Components */,
				1CEF645C1EA584E60072C43F /* Application */,
			);
			path = Rx_TubeApp;
			sourceTree = "<group>";
		};
		1C0DAD031E966B9D00B3D2C4 /* Rx_TubeAppTests */ = {
			isa = PBXGroup;
			children = (
				1C0DAD041E966B9D00B3D2C4 /* Rx_TubeAppTests.swift */,
				1C0DAD061E966B9D00B3D2C4 /* Info.plist */,
			);
			path = Rx_TubeAppTests;
			sourceTree = "<group>";
		};
		1C0DAD0E1E966B9D00B3D2C4 /* Rx_TubeAppUITests */ = {
			isa = PBXGroup;
			children = (
				1C0DAD0F1E966B9D00B3D2C4 /* Rx_TubeAppUITests.swift */,
				1C0DAD111E966B9D00B3D2C4 /* Info.plist */,
			);
			path = Rx_TubeAppUITests;
			sourceTree = "<group>";
		};
		1CEF64551EA581BC0072C43F /* Frameworks */ = {
			isa = PBXGroup;
			children = (
				A3E50A241F46C600001FEC7C /* Alamofire.framework */,
				A37245ED1F39FA0D00CADACB /* Result.framework */,
				A391FE701F3219DA008A2F9C /* RxCocoa.framework */,
				A3AD33DD1F1FA00E006A1D2E /* Kingfisher.framework */,
				A3B0B00D1F05CBD900E053D1 /* RxMoya.framework */,
				A3B0B00B1F05CBC300E053D1 /* Moya.framework */,
				1CEF645A1EA581D90072C43F /* SnapKit.framework */,
				1CEF64581EA581CF0072C43F /* RxSwift.framework */,
			);
			name = Frameworks;
			sourceTree = "<group>";
		};
		1CEF645C1EA584E60072C43F /* Application */ = {
			isa = PBXGroup;
			children = (
				A394F38C1F0D289200BF14BC /* Resource */,
				1C0DACEF1E966B9C00B3D2C4 /* AppDelegate.swift */,
				1C0DACF61E966B9C00B3D2C4 /* Assets.xcassets */,
				1C0DACFB1E966B9C00B3D2C4 /* Info.plist */,
				1CEF645F1EA587000072C43F /* Launch Screen.storyboard */,
			);
			name = Application;
			sourceTree = "<group>";
		};
		1CEF645D1EA585140072C43F /* Components */ = {
			isa = PBXGroup;
			children = (
				A350AE3C1F3A099F00D387A8 /* Rx */,
				A33121E91F0E85BC00FC0AD6 /* Models */,
				A3D117D31F07BE77005E1202 /* Networking */,
			);
			name = Components;
			sourceTree = "<group>";
		};
		1CEF645E1EA585210072C43F /* UI */ = {
			isa = PBXGroup;
			children = (
				A38A2FAB1F184091006715A0 /* Views */,
				B9F26EB31EF2764400E8D009 /* ViewControllers */,
			);
			name = UI;
			sourceTree = "<group>";
		};
		A33121E91F0E85BC00FC0AD6 /* Models */ = {
			isa = PBXGroup;
			children = (
				A33121EA1F0E85F700FC0AD6 /* Video.swift */,
				A3C7BC0C1F150BF0003AF320 /* SearchItems.swift */,
				A3111F451F1CC5560054BA5E /* VideoCategory.swift */,
			);
			name = Models;
			sourceTree = "<group>";
		};
		A350AE3C1F3A099F00D387A8 /* Rx */ = {
			isa = PBXGroup;
			children = (
				A350AE3D1F3A09C700D387A8 /* UIViewController+Rx.swift */,
			);
			name = Rx;
			sourceTree = "<group>";
		};
		A38A2FAB1F184091006715A0 /* Views */ = {
			isa = PBXGroup;
			children = (
				A38A2FAC1F1840B9006715A0 /* PlayerView.swift */,
				A38A2FAE1F1840D0006715A0 /* PlayerViewModel.swift */,
				A3E09E501F22EF7F007BDC76 /* SearchItemCell.swift */,
				A303B39E1F2810460055D12E /* SearchItemCellModel.swift */,
				A303B3A21F2812380055D12E /* SearchView.swift */,
			);
			name = Views;
			sourceTree = "<group>";
		};
		A394F38C1F0D289200BF14BC /* Resource */ = {
			isa = PBXGroup;
			children = (
				A394F38D1F0D28C100BF14BC /* StubbedResponses */,
			);
			name = Resource;
			sourceTree = "<group>";
		};
		A394F38D1F0D28C100BF14BC /* StubbedResponses */ = {
			isa = PBXGroup;
			children = (
				A3AAF6011F2E0E0B003B2A71 /* videoCategories.json */,
				A3718AC91F0DAFDE0048FECC /* channel.json */,
				A3718ACA1F0DAFDE0048FECC /* searchlist.json */,
				A3718ACB1F0DAFDE0048FECC /* subscriptionsdelete.json */,
				A3718ACC1F0DAFDE0048FECC /* subscriptionsinsert.json */,
				A3718ACD1F0DAFDE0048FECC /* subscriptionslist.json */,
				A3718ACE1F0DAFDE0048FECC /* videos.json */,
			);
			name = StubbedResponses;
			sourceTree = "<group>";
		};
		A3D117D31F07BE77005E1202 /* Networking */ = {
			isa = PBXGroup;
			children = (
				A3718AD51F0DB31A0048FECC /* YoutubeAPI.swift */,
			);
			name = Networking;
			sourceTree = "<group>";
		};
		B9F26EB31EF2764400E8D009 /* ViewControllers */ = {
			isa = PBXGroup;
			children = (
				A3C7BC0E1F150F2C003AF320 /* ItemListViewController.swift */,
				A3C7BC101F150FDA003AF320 /* ItemListViewModel.swift */,
				A303B3A01F2811A10055D12E /* NavigationViewController.swift */,
			);
			name = ViewControllers;
			sourceTree = "<group>";
		};
/* End PBXGroup section */

/* Begin PBXNativeTarget section */
		1C0DACEB1E966B9C00B3D2C4 /* Rx_TubeApp */ = {
			isa = PBXNativeTarget;
			buildConfigurationList = 1C0DAD141E966B9D00B3D2C4 /* Build configuration list for PBXNativeTarget "Rx_TubeApp" */;
			buildPhases = (
				1C0DACE81E966B9C00B3D2C4 /* Sources */,
				1C0DACE91E966B9C00B3D2C4 /* Frameworks */,
				1C0DACEA1E966B9C00B3D2C4 /* Resources */,
				A33637C11F3221AA004A1E57 /* ShellScript */,
				A3FD589E1F39FB97001EDBE0 /* Embed Frameworks */,
			);
			buildRules = (
			);
			dependencies = (
			);
			name = Rx_TubeApp;
			productName = Rx_TubeApp;
			productReference = 1C0DACEC1E966B9C00B3D2C4 /* Rx_TubeApp.app */;
			productType = "com.apple.product-type.application";
		};
		1C0DACFF1E966B9D00B3D2C4 /* Rx_TubeAppTests */ = {
			isa = PBXNativeTarget;
			buildConfigurationList = 1C0DAD171E966B9D00B3D2C4 /* Build configuration list for PBXNativeTarget "Rx_TubeAppTests" */;
			buildPhases = (
				1C0DACFC1E966B9D00B3D2C4 /* Sources */,
				1C0DACFD1E966B9D00B3D2C4 /* Frameworks */,
				1C0DACFE1E966B9D00B3D2C4 /* Resources */,
			);
			buildRules = (
			);
			dependencies = (
				1C0DAD021E966B9D00B3D2C4 /* PBXTargetDependency */,
			);
			name = Rx_TubeAppTests;
			productName = Rx_TubeAppTests;
			productReference = 1C0DAD001E966B9D00B3D2C4 /* Rx_TubeAppTests.xctest */;
			productType = "com.apple.product-type.bundle.unit-test";
		};
		1C0DAD0A1E966B9D00B3D2C4 /* Rx_TubeAppUITests */ = {
			isa = PBXNativeTarget;
			buildConfigurationList = 1C0DAD1A1E966B9D00B3D2C4 /* Build configuration list for PBXNativeTarget "Rx_TubeAppUITests" */;
			buildPhases = (
				1C0DAD071E966B9D00B3D2C4 /* Sources */,
				1C0DAD081E966B9D00B3D2C4 /* Frameworks */,
				1C0DAD091E966B9D00B3D2C4 /* Resources */,
			);
			buildRules = (
			);
			dependencies = (
				1C0DAD0D1E966B9D00B3D2C4 /* PBXTargetDependency */,
			);
			name = Rx_TubeAppUITests;
			productName = Rx_TubeAppUITests;
			productReference = 1C0DAD0B1E966B9D00B3D2C4 /* Rx_TubeAppUITests.xctest */;
			productType = "com.apple.product-type.bundle.ui-testing";
		};
/* End PBXNativeTarget section */

/* Begin PBXProject section */
		1C0DACE41E966B9C00B3D2C4 /* Project object */ = {
			isa = PBXProject;
			attributes = {
				LastSwiftUpdateCheck = 0820;
				LastUpgradeCheck = 0900;
				ORGANIZATIONNAME = "HIroshi Hosoda";
				TargetAttributes = {
					1C0DACEB1E966B9C00B3D2C4 = {
						CreatedOnToolsVersion = 8.2.1;
						LastSwiftMigration = 0900;
						ProvisioningStyle = Automatic;
					};
					1C0DACFF1E966B9D00B3D2C4 = {
						CreatedOnToolsVersion = 8.2.1;
						LastSwiftMigration = 0900;
						ProvisioningStyle = Automatic;
						TestTargetID = 1C0DACEB1E966B9C00B3D2C4;
					};
					1C0DAD0A1E966B9D00B3D2C4 = {
						CreatedOnToolsVersion = 8.2.1;
						LastSwiftMigration = 0900;
						ProvisioningStyle = Automatic;
						TestTargetID = 1C0DACEB1E966B9C00B3D2C4;
					};
				};
			};
			buildConfigurationList = 1C0DACE71E966B9C00B3D2C4 /* Build configuration list for PBXProject "Rx_TubeApp" */;
			compatibilityVersion = "Xcode 3.2";
			developmentRegion = English;
			hasScannedForEncodings = 0;
			knownRegions = (
				en,
				Base,
			);
			mainGroup = 1C0DACE31E966B9C00B3D2C4;
			productRefGroup = 1C0DACED1E966B9C00B3D2C4 /* Products */;
			projectDirPath = "";
			projectRoot = "";
			targets = (
				1C0DACEB1E966B9C00B3D2C4 /* Rx_TubeApp */,
				1C0DACFF1E966B9D00B3D2C4 /* Rx_TubeAppTests */,
				1C0DAD0A1E966B9D00B3D2C4 /* Rx_TubeAppUITests */,
			);
		};
/* End PBXProject section */

/* Begin PBXResourcesBuildPhase section */
		1C0DACEA1E966B9C00B3D2C4 /* Resources */ = {
			isa = PBXResourcesBuildPhase;
			buildActionMask = 2147483647;
			files = (
				A3AAF6021F2E0E17003B2A71 /* videoCategories.json in Resources */,
				1CEF64601EA587000072C43F /* Launch Screen.storyboard in Resources */,
				A3718AD01F0DAFDE0048FECC /* searchlist.json in Resources */,
				1C0DACF71E966B9C00B3D2C4 /* Assets.xcassets in Resources */,
				A3718ACF1F0DAFDE0048FECC /* channel.json in Resources */,
				A3718AD11F0DAFDE0048FECC /* subscriptionsdelete.json in Resources */,
				A3718AD41F0DAFDE0048FECC /* videos.json in Resources */,
				A3718AD31F0DAFDE0048FECC /* subscriptionslist.json in Resources */,
				A3718AD21F0DAFDE0048FECC /* subscriptionsinsert.json in Resources */,
			);
			runOnlyForDeploymentPostprocessing = 0;
		};
		1C0DACFE1E966B9D00B3D2C4 /* Resources */ = {
			isa = PBXResourcesBuildPhase;
			buildActionMask = 2147483647;
			files = (
			);
			runOnlyForDeploymentPostprocessing = 0;
		};
		1C0DAD091E966B9D00B3D2C4 /* Resources */ = {
			isa = PBXResourcesBuildPhase;
			buildActionMask = 2147483647;
			files = (
			);
			runOnlyForDeploymentPostprocessing = 0;
		};
/* End PBXResourcesBuildPhase section */

/* Begin PBXShellScriptBuildPhase section */
		A33637C11F3221AA004A1E57 /* ShellScript */ = {
			isa = PBXShellScriptBuildPhase;
			buildActionMask = 2147483647;
			files = (
			);
			inputPaths = (
				"$(SRCROOT)/Carthage/Build/iOS/Kingfisher.framework",
				"$(SRCROOT)/Carthage/Build/iOS/Moya.framework",
				"$(SRCROOT)/Carthage/Build/iOS/RxCocoa.framework",
				"$(SRCROOT)/Carthage/Build/iOS/RxMoya.framework",
				"$(SRCROOT)/Carthage/Build/iOS/RxSwift.framework",
				"$(SRCROOT)/Carthage/Build/iOS/SnapKit.framework",
				"$(SRCROOT)/Carthage/Build/iOS/Alamofire.framework",
			);
			outputPaths = (
			);
			runOnlyForDeploymentPostprocessing = 0;
			shellPath = /bin/sh;
			shellScript = "/usr/local/bin/carthage copy-frameworks";
		};
/* End PBXShellScriptBuildPhase section */

/* Begin PBXSourcesBuildPhase section */
		1C0DACE81E966B9C00B3D2C4 /* Sources */ = {
			isa = PBXSourcesBuildPhase;
			buildActionMask = 2147483647;
			files = (
				A303B3A11F2811A10055D12E /* NavigationViewController.swift in Sources */,
				A3E09E511F22EF7F007BDC76 /* SearchItemCell.swift in Sources */,
				A38A2FAF1F1840D0006715A0 /* PlayerViewModel.swift in Sources */,
				A303B39F1F2810460055D12E /* SearchItemCellModel.swift in Sources */,
				A3C7BC0D1F150BF0003AF320 /* SearchItems.swift in Sources */,
				A33121EB1F0E85F700FC0AD6 /* Video.swift in Sources */,
				A350AE3E1F3A09C700D387A8 /* UIViewController+Rx.swift in Sources */,
				A38A2FAD1F1840B9006715A0 /* PlayerView.swift in Sources */,
				A3111F461F1CC5560054BA5E /* VideoCategory.swift in Sources */,
				A303B3A31F2812380055D12E /* SearchView.swift in Sources */,
				A3718AD61F0DB31A0048FECC /* YoutubeAPI.swift in Sources */,
				1C0DACF01E966B9C00B3D2C4 /* AppDelegate.swift in Sources */,
				A3FBB62D1F2622ED007AEBC1 /* ItemListViewModel.swift in Sources */,
				A3C7BC0F1F150F2C003AF320 /* ItemListViewController.swift in Sources */,
			);
			runOnlyForDeploymentPostprocessing = 0;
		};
		1C0DACFC1E966B9D00B3D2C4 /* Sources */ = {
			isa = PBXSourcesBuildPhase;
			buildActionMask = 2147483647;
			files = (
				1C0DAD051E966B9D00B3D2C4 /* Rx_TubeAppTests.swift in Sources */,
			);
			runOnlyForDeploymentPostprocessing = 0;
		};
		1C0DAD071E966B9D00B3D2C4 /* Sources */ = {
			isa = PBXSourcesBuildPhase;
			buildActionMask = 2147483647;
			files = (
				1C0DAD101E966B9D00B3D2C4 /* Rx_TubeAppUITests.swift in Sources */,
			);
			runOnlyForDeploymentPostprocessing = 0;
		};
/* End PBXSourcesBuildPhase section */

/* Begin PBXTargetDependency section */
		1C0DAD021E966B9D00B3D2C4 /* PBXTargetDependency */ = {
			isa = PBXTargetDependency;
			target = 1C0DACEB1E966B9C00B3D2C4 /* Rx_TubeApp */;
			targetProxy = 1C0DAD011E966B9D00B3D2C4 /* PBXContainerItemProxy */;
		};
		1C0DAD0D1E966B9D00B3D2C4 /* PBXTargetDependency */ = {
			isa = PBXTargetDependency;
			target = 1C0DACEB1E966B9C00B3D2C4 /* Rx_TubeApp */;
			targetProxy = 1C0DAD0C1E966B9D00B3D2C4 /* PBXContainerItemProxy */;
		};
/* End PBXTargetDependency section */

/* Begin XCBuildConfiguration section */
		1C0DAD121E966B9D00B3D2C4 /* Debug */ = {
			isa = XCBuildConfiguration;
			buildSettings = {
				ALWAYS_SEARCH_USER_PATHS = NO;
				CLANG_ANALYZER_NONNULL = YES;
				CLANG_CXX_LANGUAGE_STANDARD = "gnu++0x";
				CLANG_CXX_LIBRARY = "libc++";
				CLANG_ENABLE_MODULES = YES;
				CLANG_ENABLE_OBJC_ARC = YES;
				CLANG_WARN_BLOCK_CAPTURE_AUTORELEASING = YES;
				CLANG_WARN_BOOL_CONVERSION = YES;
				CLANG_WARN_COMMA = YES;
				CLANG_WARN_CONSTANT_CONVERSION = YES;
				CLANG_WARN_DIRECT_OBJC_ISA_USAGE = YES_ERROR;
				CLANG_WARN_DOCUMENTATION_COMMENTS = YES;
				CLANG_WARN_EMPTY_BODY = YES;
				CLANG_WARN_ENUM_CONVERSION = YES;
				CLANG_WARN_INFINITE_RECURSION = YES;
				CLANG_WARN_INT_CONVERSION = YES;
				CLANG_WARN_NON_LITERAL_NULL_CONVERSION = YES;
				CLANG_WARN_OBJC_LITERAL_CONVERSION = YES;
				CLANG_WARN_OBJC_ROOT_CLASS = YES_ERROR;
				CLANG_WARN_RANGE_LOOP_ANALYSIS = YES;
				CLANG_WARN_STRICT_PROTOTYPES = YES;
				CLANG_WARN_SUSPICIOUS_MOVE = YES;
				CLANG_WARN_UNREACHABLE_CODE = YES;
				CLANG_WARN__DUPLICATE_METHOD_MATCH = YES;
				"CODE_SIGN_IDENTITY[sdk=iphoneos*]" = "iPhone Developer";
				COPY_PHASE_STRIP = NO;
				DEBUG_INFORMATION_FORMAT = dwarf;
				ENABLE_STRICT_OBJC_MSGSEND = YES;
				ENABLE_TESTABILITY = YES;
				GCC_C_LANGUAGE_STANDARD = gnu99;
				GCC_DYNAMIC_NO_PIC = NO;
				GCC_NO_COMMON_BLOCKS = YES;
				GCC_OPTIMIZATION_LEVEL = 0;
				GCC_PREPROCESSOR_DEFINITIONS = (
					"DEBUG=1",
					"$(inherited)",
				);
				GCC_WARN_64_TO_32_BIT_CONVERSION = YES;
				GCC_WARN_ABOUT_RETURN_TYPE = YES_ERROR;
				GCC_WARN_UNDECLARED_SELECTOR = YES;
				GCC_WARN_UNINITIALIZED_AUTOS = YES_AGGRESSIVE;
				GCC_WARN_UNUSED_FUNCTION = YES;
				GCC_WARN_UNUSED_VARIABLE = YES;
				IPHONEOS_DEPLOYMENT_TARGET = 10.2;
				MTL_ENABLE_DEBUG_INFO = YES;
				ONLY_ACTIVE_ARCH = YES;
				SDKROOT = iphoneos;
				SWIFT_ACTIVE_COMPILATION_CONDITIONS = DEBUG;
				SWIFT_OPTIMIZATION_LEVEL = "-Onone";
				SWIFT_SWIFT3_OBJC_INFERENCE = Off;
				TARGETED_DEVICE_FAMILY = "1,2";
			};
			name = Debug;
		};
		1C0DAD131E966B9D00B3D2C4 /* Release */ = {
			isa = XCBuildConfiguration;
			buildSettings = {
				ALWAYS_SEARCH_USER_PATHS = NO;
				CLANG_ANALYZER_NONNULL = YES;
				CLANG_CXX_LANGUAGE_STANDARD = "gnu++0x";
				CLANG_CXX_LIBRARY = "libc++";
				CLANG_ENABLE_MODULES = YES;
				CLANG_ENABLE_OBJC_ARC = YES;
				CLANG_WARN_BLOCK_CAPTURE_AUTORELEASING = YES;
				CLANG_WARN_BOOL_CONVERSION = YES;
				CLANG_WARN_COMMA = YES;
				CLANG_WARN_CONSTANT_CONVERSION = YES;
				CLANG_WARN_DIRECT_OBJC_ISA_USAGE = YES_ERROR;
				CLANG_WARN_DOCUMENTATION_COMMENTS = YES;
				CLANG_WARN_EMPTY_BODY = YES;
				CLANG_WARN_ENUM_CONVERSION = YES;
				CLANG_WARN_INFINITE_RECURSION = YES;
				CLANG_WARN_INT_CONVERSION = YES;
				CLANG_WARN_NON_LITERAL_NULL_CONVERSION = YES;
				CLANG_WARN_OBJC_LITERAL_CONVERSION = YES;
				CLANG_WARN_OBJC_ROOT_CLASS = YES_ERROR;
				CLANG_WARN_RANGE_LOOP_ANALYSIS = YES;
				CLANG_WARN_STRICT_PROTOTYPES = YES;
				CLANG_WARN_SUSPICIOUS_MOVE = YES;
				CLANG_WARN_UNREACHABLE_CODE = YES;
				CLANG_WARN__DUPLICATE_METHOD_MATCH = YES;
				"CODE_SIGN_IDENTITY[sdk=iphoneos*]" = "iPhone Developer";
				COPY_PHASE_STRIP = NO;
				DEBUG_INFORMATION_FORMAT = "dwarf-with-dsym";
				ENABLE_NS_ASSERTIONS = NO;
				ENABLE_STRICT_OBJC_MSGSEND = YES;
				GCC_C_LANGUAGE_STANDARD = gnu99;
				GCC_NO_COMMON_BLOCKS = YES;
				GCC_WARN_64_TO_32_BIT_CONVERSION = YES;
				GCC_WARN_ABOUT_RETURN_TYPE = YES_ERROR;
				GCC_WARN_UNDECLARED_SELECTOR = YES;
				GCC_WARN_UNINITIALIZED_AUTOS = YES_AGGRESSIVE;
				GCC_WARN_UNUSED_FUNCTION = YES;
				GCC_WARN_UNUSED_VARIABLE = YES;
				IPHONEOS_DEPLOYMENT_TARGET = 10.2;
				MTL_ENABLE_DEBUG_INFO = NO;
				SDKROOT = iphoneos;
				SWIFT_OPTIMIZATION_LEVEL = "-Owholemodule";
				SWIFT_SWIFT3_OBJC_INFERENCE = Off;
				TARGETED_DEVICE_FAMILY = "1,2";
				VALIDATE_PRODUCT = YES;
			};
			name = Release;
		};
		1C0DAD151E966B9D00B3D2C4 /* Debug */ = {
			isa = XCBuildConfiguration;
			buildSettings = {
				ASSETCATALOG_COMPILER_APPICON_NAME = AppIcon;
				"CODE_SIGN_IDENTITY[sdk=iphoneos*]" = "iPhone Developer";
				CODE_SIGN_STYLE = Automatic;
				DEVELOPMENT_TEAM = "";
				FRAMEWORK_SEARCH_PATHS = (
					"$(inherited)",
					"$(PROJECT_DIR)/Carthage/Build/iOS",
				);
				GENERATE_MASTER_OBJECT_FILE = NO;
				INFOPLIST_FILE = "$(SRCROOT)/Rx_TubeApp/Application/Info.plist";
				INSTALL_PATH = "@rpath";
				LD_RUNPATH_SEARCH_PATHS = "$(inherited) @loader_path/../Frameworks/ @executable_path/Frameworks";
				ONLY_ACTIVE_ARCH = NO;
				PRODUCT_BUNDLE_IDENTIFIER = "hiroshi.Rx-TubeApp";
				PRODUCT_NAME = "$(TARGET_NAME)";
				PROVISIONING_PROFILE_SPECIFIER = "";
				SWIFT_SWIFT3_OBJC_INFERENCE = Off;
				SWIFT_VERSION = 4.0;
			};
			name = Debug;
		};
		1C0DAD161E966B9D00B3D2C4 /* Release */ = {
			isa = XCBuildConfiguration;
			buildSettings = {
				ASSETCATALOG_COMPILER_APPICON_NAME = AppIcon;
				"CODE_SIGN_IDENTITY[sdk=iphoneos*]" = "iPhone Developer";
				CODE_SIGN_STYLE = Automatic;
				DEVELOPMENT_TEAM = "";
				FRAMEWORK_SEARCH_PATHS = (
					"$(inherited)",
					"$(PROJECT_DIR)/Carthage/Build/iOS",
				);
				GENERATE_MASTER_OBJECT_FILE = NO;
				INFOPLIST_FILE = "$(SRCROOT)/Rx_TubeApp/Application/Info.plist";
				INSTALL_PATH = "@rpath";
				LD_RUNPATH_SEARCH_PATHS = "$(inherited) @loader_path/../Frameworks/ @executable_path/Frameworks";
				PRODUCT_BUNDLE_IDENTIFIER = "hiroshi.Rx-TubeApp";
				PRODUCT_NAME = "$(TARGET_NAME)";
				PROVISIONING_PROFILE_SPECIFIER = "";
				SWIFT_SWIFT3_OBJC_INFERENCE = Off;
				SWIFT_VERSION = 4.0;
			};
			name = Release;
		};
		1C0DAD181E966B9D00B3D2C4 /* Debug */ = {
			isa = XCBuildConfiguration;
			buildSettings = {
				ALWAYS_EMBED_SWIFT_STANDARD_LIBRARIES = YES;
				BUNDLE_LOADER = "$(TEST_HOST)";
				INFOPLIST_FILE = Rx_TubeAppTests/Info.plist;
				LD_RUNPATH_SEARCH_PATHS = "$(inherited) @executable_path/Frameworks @loader_path/Frameworks";
				PRODUCT_BUNDLE_IDENTIFIER = "hiroshi.Rx-TubeAppTests";
				PRODUCT_NAME = "$(TARGET_NAME)";
				SWIFT_SWIFT3_OBJC_INFERENCE = Off;
				SWIFT_VERSION = 4.0;
				TEST_HOST = "$(BUILT_PRODUCTS_DIR)/Rx_TubeApp.app/Rx_TubeApp";
			};
			name = Debug;
		};
		1C0DAD191E966B9D00B3D2C4 /* Release */ = {
			isa = XCBuildConfiguration;
			buildSettings = {
				ALWAYS_EMBED_SWIFT_STANDARD_LIBRARIES = YES;
				BUNDLE_LOADER = "$(TEST_HOST)";
				INFOPLIST_FILE = Rx_TubeAppTests/Info.plist;
				LD_RUNPATH_SEARCH_PATHS = "$(inherited) @executable_path/Frameworks @loader_path/Frameworks";
				PRODUCT_BUNDLE_IDENTIFIER = "hiroshi.Rx-TubeAppTests";
				PRODUCT_NAME = "$(TARGET_NAME)";
				SWIFT_SWIFT3_OBJC_INFERENCE = Off;
				SWIFT_VERSION = 4.0;
				TEST_HOST = "$(BUILT_PRODUCTS_DIR)/Rx_TubeApp.app/Rx_TubeApp";
			};
			name = Release;
		};
		1C0DAD1B1E966B9D00B3D2C4 /* Debug */ = {
			isa = XCBuildConfiguration;
			buildSettings = {
				ALWAYS_EMBED_SWIFT_STANDARD_LIBRARIES = YES;
				INFOPLIST_FILE = Rx_TubeAppUITests/Info.plist;
				LD_RUNPATH_SEARCH_PATHS = "$(inherited) @executable_path/Frameworks @loader_path/Frameworks";
				PRODUCT_BUNDLE_IDENTIFIER = "hiroshi.Rx-TubeAppUITests";
				PRODUCT_NAME = "$(TARGET_NAME)";
				SWIFT_SWIFT3_OBJC_INFERENCE = Off;
				SWIFT_VERSION = 4.0;
				TEST_TARGET_NAME = Rx_TubeApp;
			};
			name = Debug;
		};
		1C0DAD1C1E966B9D00B3D2C4 /* Release */ = {
			isa = XCBuildConfiguration;
			buildSettings = {
				ALWAYS_EMBED_SWIFT_STANDARD_LIBRARIES = YES;
				INFOPLIST_FILE = Rx_TubeAppUITests/Info.plist;
				LD_RUNPATH_SEARCH_PATHS = "$(inherited) @executable_path/Frameworks @loader_path/Frameworks";
				PRODUCT_BUNDLE_IDENTIFIER = "hiroshi.Rx-TubeAppUITests";
				PRODUCT_NAME = "$(TARGET_NAME)";
				SWIFT_SWIFT3_OBJC_INFERENCE = Off;
				SWIFT_VERSION = 4.0;
				TEST_TARGET_NAME = Rx_TubeApp;
			};
			name = Release;
		};
/* End XCBuildConfiguration section */

/* Begin XCConfigurationList section */
		1C0DACE71E966B9C00B3D2C4 /* Build configuration list for PBXProject "Rx_TubeApp" */ = {
			isa = XCConfigurationList;
			buildConfigurations = (
				1C0DAD121E966B9D00B3D2C4 /* Debug */,
				1C0DAD131E966B9D00B3D2C4 /* Release */,
			);
			defaultConfigurationIsVisible = 0;
			defaultConfigurationName = Release;
		};
		1C0DAD141E966B9D00B3D2C4 /* Build configuration list for PBXNativeTarget "Rx_TubeApp" */ = {
			isa = XCConfigurationList;
			buildConfigurations = (
				1C0DAD151E966B9D00B3D2C4 /* Debug */,
				1C0DAD161E966B9D00B3D2C4 /* Release */,
			);
			defaultConfigurationIsVisible = 0;
			defaultConfigurationName = Release;
		};
		1C0DAD171E966B9D00B3D2C4 /* Build configuration list for PBXNativeTarget "Rx_TubeAppTests" */ = {
			isa = XCConfigurationList;
			buildConfigurations = (
				1C0DAD181E966B9D00B3D2C4 /* Debug */,
				1C0DAD191E966B9D00B3D2C4 /* Release */,
			);
			defaultConfigurationIsVisible = 0;
			defaultConfigurationName = Release;
		};
		1C0DAD1A1E966B9D00B3D2C4 /* Build configuration list for PBXNativeTarget "Rx_TubeAppUITests" */ = {
			isa = XCConfigurationList;
			buildConfigurations = (
				1C0DAD1B1E966B9D00B3D2C4 /* Debug */,
				1C0DAD1C1E966B9D00B3D2C4 /* Release */,
			);
			defaultConfigurationIsVisible = 0;
			defaultConfigurationName = Release;
		};
/* End XCConfigurationList section */
	};
	rootObject = 1C0DACE41E966B9C00B3D2C4 /* Project object */;
}
