// !$*UTF8*$!
{
	archiveVersion = 1;
	classes = {
	};
	objectVersion = 46;
	objects = {

/* Begin PBXBuildFile section */
		1C0DACF01E966B9C00B3D2C4 /* AppDelegate.swift in Sources */ = {isa = PBXBuildFile; fileRef = 1C0DACEF1E966B9C00B3D2C4 /* AppDelegate.swift */; };
		1C0DACF71E966B9C00B3D2C4 /* Assets.xcassets in Resources */ = {isa = PBXBuildFile; fileRef = 1C0DACF61E966B9C00B3D2C4 /* Assets.xcassets */; };
		1C0DAD051E966B9D00B3D2C4 /* Rx_TubeAppTests.swift in Sources */ = {isa = PBXBuildFile; fileRef = 1C0DAD041E966B9D00B3D2C4 /* Rx_TubeAppTests.swift */; };
		1C0DAD101E966B9D00B3D2C4 /* Rx_TubeAppUITests.swift in Sources */ = {isa = PBXBuildFile; fileRef = 1C0DAD0F1E966B9D00B3D2C4 /* Rx_TubeAppUITests.swift */; };
		1CEF64601EA587000072C43F /* Launch Screen.storyboard in Resources */ = {isa = PBXBuildFile; fileRef = 1CEF645F1EA587000072C43F /* Launch Screen.storyboard */; };
		A304B57C21109E2300DEB348 /* GoogleSignIn.framework in Frameworks */ = {isa = PBXBuildFile; fileRef = A304B57B21109E2300DEB348 /* GoogleSignIn.framework */; };
		A304B57E2110A11B00DEB348 /* YoutubeRelatedVideosRepository.swift in Sources */ = {isa = PBXBuildFile; fileRef = A304B57D2110A11B00DEB348 /* YoutubeRelatedVideosRepository.swift */; };
		A304B5802110A36A00DEB348 /* YoutubeSearchDetailsRepository.swift in Sources */ = {isa = PBXBuildFile; fileRef = A304B57F2110A36A00DEB348 /* YoutubeSearchDetailsRepository.swift */; };
		A30912AB20DBF6B2001AA5D9 /* SearchVideoCell.swift in Sources */ = {isa = PBXBuildFile; fileRef = A30912AA20DBF6B2001AA5D9 /* SearchVideoCell.swift */; };
		A30912AD20DBF6D8001AA5D9 /* SearchChannelCell.swift in Sources */ = {isa = PBXBuildFile; fileRef = A30912AC20DBF6D8001AA5D9 /* SearchChannelCell.swift */; };
		A30912AF20DBF702001AA5D9 /* SearchPlaylistCell.swift in Sources */ = {isa = PBXBuildFile; fileRef = A30912AE20DBF702001AA5D9 /* SearchPlaylistCell.swift */; };
		A30912B120DBF792001AA5D9 /* SearchVideoCellModel.swift in Sources */ = {isa = PBXBuildFile; fileRef = A30912B020DBF792001AA5D9 /* SearchVideoCellModel.swift */; };
		A30912B320DBFDDD001AA5D9 /* SearchChannelCellModel.swift in Sources */ = {isa = PBXBuildFile; fileRef = A30912B220DBFDDD001AA5D9 /* SearchChannelCellModel.swift */; };
		A30912B520DBFF4B001AA5D9 /* SearchPlaylistCellModel.swift in Sources */ = {isa = PBXBuildFile; fileRef = A30912B420DBFF4B001AA5D9 /* SearchPlaylistCellModel.swift */; };
		A33A1ABF1F5704EE0077C2B5 /* BaseTableViewCell.swift in Sources */ = {isa = PBXBuildFile; fileRef = A33A1ABE1F5704EE0077C2B5 /* BaseTableViewCell.swift */; };
		A350AE3E1F3A09C700D387A8 /* UIViewController+Rx.swift in Sources */ = {isa = PBXBuildFile; fileRef = A350AE3D1F3A09C700D387A8 /* UIViewController+Rx.swift */; };
		A35C768A20F0C3D800C2BB08 /* libc++.tbd in Frameworks */ = {isa = PBXBuildFile; fileRef = A35C768920F0C3D800C2BB08 /* libc++.tbd */; };
		A35C769020F0C6A900C2BB08 /* FirebaseAuth.framework in Frameworks */ = {isa = PBXBuildFile; fileRef = A35C768B20F0C6A800C2BB08 /* FirebaseAuth.framework */; };
		A35C769120F0C6A900C2BB08 /* FirebaseCore.framework in Frameworks */ = {isa = PBXBuildFile; fileRef = A35C768C20F0C6A800C2BB08 /* FirebaseCore.framework */; };
		A35C769320F0C6A900C2BB08 /* FirebaseDatabase.framework in Frameworks */ = {isa = PBXBuildFile; fileRef = A35C768E20F0C6A900C2BB08 /* FirebaseDatabase.framework */; };
		A35C769420F0C6A900C2BB08 /* GoogleMobileAds.framework in Frameworks */ = {isa = PBXBuildFile; fileRef = A35C768F20F0C6A900C2BB08 /* GoogleMobileAds.framework */; };
		A36886032189EA390059BCC1 /* TabBarController.swift in Sources */ = {isa = PBXBuildFile; fileRef = A36886022189EA390059BCC1 /* TabBarController.swift */; };
		A36886052189EC740059BCC1 /* TabBarViewModel.swift in Sources */ = {isa = PBXBuildFile; fileRef = A36886042189EC740059BCC1 /* TabBarViewModel.swift */; };
		A36886082189F21F0059BCC1 /* HomeViewModel.swift in Sources */ = {isa = PBXBuildFile; fileRef = A36886072189F21F0059BCC1 /* HomeViewModel.swift */; };
		A368860A2189F2340059BCC1 /* HomeViewController.swift in Sources */ = {isa = PBXBuildFile; fileRef = A36886092189F2340059BCC1 /* HomeViewController.swift */; };
		A368860C2189F3A30059BCC1 /* TabBarCoordinator.swift in Sources */ = {isa = PBXBuildFile; fileRef = A368860B2189F3A30059BCC1 /* TabBarCoordinator.swift */; };
		A36E8D691FB485AF007FD0C9 /* SearchVideoCategoryCellModel.swift in Sources */ = {isa = PBXBuildFile; fileRef = A36E8D681FB485AF007FD0C9 /* SearchVideoCategoryCellModel.swift */; };
		A3715FE2210F5F1000CE3589 /* RealmSwift.framework in Frameworks */ = {isa = PBXBuildFile; fileRef = A3715FDF210F5F1000CE3589 /* RealmSwift.framework */; };
		A3715FE3210F5F1000CE3589 /* Realm.framework in Frameworks */ = {isa = PBXBuildFile; fileRef = A3715FE0210F5F1000CE3589 /* Realm.framework */; };
		A3715FE4210F5F1000CE3589 /* Nuke.framework in Frameworks */ = {isa = PBXBuildFile; fileRef = A3715FE1210F5F1000CE3589 /* Nuke.framework */; };
		A3718ACF1F0DAFDE0048FECC /* channel.json in Resources */ = {isa = PBXBuildFile; fileRef = A3718AC91F0DAFDE0048FECC /* channel.json */; };
		A3718AD01F0DAFDE0048FECC /* searchlist.json in Resources */ = {isa = PBXBuildFile; fileRef = A3718ACA1F0DAFDE0048FECC /* searchlist.json */; };
		A3718AD11F0DAFDE0048FECC /* subscriptionsdelete.json in Resources */ = {isa = PBXBuildFile; fileRef = A3718ACB1F0DAFDE0048FECC /* subscriptionsdelete.json */; };
		A3718AD21F0DAFDE0048FECC /* subscriptionsinsert.json in Resources */ = {isa = PBXBuildFile; fileRef = A3718ACC1F0DAFDE0048FECC /* subscriptionsinsert.json */; };
		A3718AD31F0DAFDE0048FECC /* subscriptionslist.json in Resources */ = {isa = PBXBuildFile; fileRef = A3718ACD1F0DAFDE0048FECC /* subscriptionslist.json */; };
		A3718AD41F0DAFDE0048FECC /* videos.json in Resources */ = {isa = PBXBuildFile; fileRef = A3718ACE1F0DAFDE0048FECC /* videos.json */; };
		A37DDA44217379FF00430C86 /* YoutubeSearchConditionRepository.swift in Sources */ = {isa = PBXBuildFile; fileRef = A37DDA43217379FF00430C86 /* YoutubeSearchConditionRepository.swift */; };
		A37DDA462173864000430C86 /* ItemListDataSourceTranslator.swift in Sources */ = {isa = PBXBuildFile; fileRef = A37DDA452173864000430C86 /* ItemListDataSourceTranslator.swift */; };
		A38038E91FA43EE800623A09 /* NavigationController.swift in Sources */ = {isa = PBXBuildFile; fileRef = A38038E81FA43EE800623A09 /* NavigationController.swift */; };
		A38DC8AE20D9538200577FC2 /* StateMachine.swift in Sources */ = {isa = PBXBuildFile; fileRef = A38DC8AD20D9538200577FC2 /* StateMachine.swift */; };
		A38DC8B020D9581400577FC2 /* YoutubeVideosRepository.swift in Sources */ = {isa = PBXBuildFile; fileRef = A38DC8AF20D9581400577FC2 /* YoutubeVideosRepository.swift */; };
		A38DC8B220D9594100577FC2 /* YoutubeChannelsRepository.swift in Sources */ = {isa = PBXBuildFile; fileRef = A38DC8B120D9594100577FC2 /* YoutubeChannelsRepository.swift */; };
		A38DC8B420D95A3B00577FC2 /* YoutubePlaylistsRepository.swift in Sources */ = {isa = PBXBuildFile; fileRef = A38DC8B320D95A3B00577FC2 /* YoutubePlaylistsRepository.swift */; };
		A38E1170211B25E90038C572 /* PlayerCoordinator.swift in Sources */ = {isa = PBXBuildFile; fileRef = A38E116F211B25E90038C572 /* PlayerCoordinator.swift */; };
		A38E1172211B27850038C572 /* NavigationViewModel.swift in Sources */ = {isa = PBXBuildFile; fileRef = A38E1171211B27850038C572 /* NavigationViewModel.swift */; };
		A3A4631220EE80870040DC36 /* GoogleService-Info.plist in Resources */ = {isa = PBXBuildFile; fileRef = A3A4631120EE80860040DC36 /* GoogleService-Info.plist */; };
		A3AAF6021F2E0E17003B2A71 /* videoCategories.json in Resources */ = {isa = PBXBuildFile; fileRef = A3AAF6011F2E0E0B003B2A71 /* videoCategories.json */; };
		A3B599DF20AB2F970047338E /* YoutubeSearchRepository.swift in Sources */ = {isa = PBXBuildFile; fileRef = A3B599DE20AB2F970047338E /* YoutubeSearchRepository.swift */; };
		A3C0C50C212DB670004216FE /* RxCocoa.framework in Frameworks */ = {isa = PBXBuildFile; fileRef = A391FE701F3219DA008A2F9C /* RxCocoa.framework */; };
		A3C0C50D212DB6A5004216FE /* RxSwift.framework in Frameworks */ = {isa = PBXBuildFile; fileRef = 1CEF64581EA581CF0072C43F /* RxSwift.framework */; };
		A3C0C50E212DB6B4004216FE /* RxMoya.framework in Frameworks */ = {isa = PBXBuildFile; fileRef = A3B0B00D1F05CBD900E053D1 /* RxMoya.framework */; };
		A3C0C50F212DB6BB004216FE /* Moya.framework in Frameworks */ = {isa = PBXBuildFile; fileRef = A3B0B00B1F05CBC300E053D1 /* Moya.framework */; };
		A3C0C510212DB6C0004216FE /* Alamofire.framework in Frameworks */ = {isa = PBXBuildFile; fileRef = A3E50A241F46C600001FEC7C /* Alamofire.framework */; };
		A3C0C511212DB6C8004216FE /* Result.framework in Frameworks */ = {isa = PBXBuildFile; fileRef = A37245ED1F39FA0D00CADACB /* Result.framework */; };
		A3C0C513212DB6F3004216FE /* DIKit.framework in Frameworks */ = {isa = PBXBuildFile; fileRef = A3C0C512212DB6F3004216FE /* DIKit.framework */; };
		A3D4D950216972E80090A97D /* APIService.swift in Sources */ = {isa = PBXBuildFile; fileRef = A3D4D94F216972E80090A97D /* APIService.swift */; };
		A3D4D953216973370090A97D /* SearchItems.swift in Sources */ = {isa = PBXBuildFile; fileRef = A3D4D952216973370090A97D /* SearchItems.swift */; };
		A3D4D955216973640090A97D /* SearchItemDetails.swift in Sources */ = {isa = PBXBuildFile; fileRef = A3D4D954216973640090A97D /* SearchItemDetails.swift */; };
		A3D4D957216973850090A97D /* VideoCategory.swift in Sources */ = {isa = PBXBuildFile; fileRef = A3D4D956216973850090A97D /* VideoCategory.swift */; };
		A3D4D959216973A50090A97D /* Videos.swift in Sources */ = {isa = PBXBuildFile; fileRef = A3D4D958216973A50090A97D /* Videos.swift */; };
		A3D4D95B216973C10090A97D /* Channels.swift in Sources */ = {isa = PBXBuildFile; fileRef = A3D4D95A216973C10090A97D /* Channels.swift */; };
		A3D4D95D216973FA0090A97D /* Playlists.swift in Sources */ = {isa = PBXBuildFile; fileRef = A3D4D95C216973FA0090A97D /* Playlists.swift */; };
		A3D4D95F216974190090A97D /* Thumbnails.swift in Sources */ = {isa = PBXBuildFile; fileRef = A3D4D95E216974190090A97D /* Thumbnails.swift */; };
		A3D4D96321697C6A0090A97D /* Database.swift in Sources */ = {isa = PBXBuildFile; fileRef = A3D4D96221697C6A0090A97D /* Database.swift */; };
		A3D4D965216981430090A97D /* Convertible.swift in Sources */ = {isa = PBXBuildFile; fileRef = A3D4D964216981430090A97D /* Convertible.swift */; };
		A3D4D967216984710090A97D /* YoutubeSearchCondition.swift in Sources */ = {isa = PBXBuildFile; fileRef = A3D4D966216984710090A97D /* YoutubeSearchCondition.swift */; };
		A3D4D9692169A56F0090A97D /* YoutubeSearchConditionHistory.swift in Sources */ = {isa = PBXBuildFile; fileRef = A3D4D9682169A56F0090A97D /* YoutubeSearchConditionHistory.swift */; };
		A3D5CC7A1FC0289B00FEDFCA /* RelatedVideoCell.swift in Sources */ = {isa = PBXBuildFile; fileRef = A3D5CC791FC0289B00FEDFCA /* RelatedVideoCell.swift */; };
		A3D5CC7C1FC028BB00FEDFCA /* RelatedVideoCellModel.swift in Sources */ = {isa = PBXBuildFile; fileRef = A3D5CC7B1FC028BB00FEDFCA /* RelatedVideoCellModel.swift */; };
		A3DECA671F9233630077086E /* BaseCoordinator.swift in Sources */ = {isa = PBXBuildFile; fileRef = A3DECA661F9233630077086E /* BaseCoordinator.swift */; };
		A3DECA691F92345D0077086E /* AppCoordinator.swift in Sources */ = {isa = PBXBuildFile; fileRef = A3DECA681F92345D0077086E /* AppCoordinator.swift */; };
		A3DECA6B1F9234CB0077086E /* ItemListCoordinator.swift in Sources */ = {isa = PBXBuildFile; fileRef = A3DECA6A1F9234CB0077086E /* ItemListCoordinator.swift */; };
		A3E3FB321F85A193009209D2 /* ObservableType+Codable.swift in Sources */ = {isa = PBXBuildFile; fileRef = A3E3FB311F85A193009209D2 /* ObservableType+Codable.swift */; };
		A3E671DB200E4B1C00617073 /* VideoOverviewView.swift in Sources */ = {isa = PBXBuildFile; fileRef = A3E671DA200E4B1C00617073 /* VideoOverviewView.swift */; };
		A3E671DD200E4B3D00617073 /* VideoOverviewViewModel.swift in Sources */ = {isa = PBXBuildFile; fileRef = A3E671DC200E4B3D00617073 /* VideoOverviewViewModel.swift */; };
		A3F30F541F8D8B6700684487 /* ItemListViewController.swift in Sources */ = {isa = PBXBuildFile; fileRef = A3071DCE1F8CF9D900CD833E /* ItemListViewController.swift */; };
		A3F30F551F8D8B6A00684487 /* ItemListViewModel.swift in Sources */ = {isa = PBXBuildFile; fileRef = A3071DCF1F8CF9D900CD833E /* ItemListViewModel.swift */; };
		A3F30F561F8D8B6E00684487 /* ChannelViewController.swift in Sources */ = {isa = PBXBuildFile; fileRef = A3071DCD1F8CF9C500CD833E /* ChannelViewController.swift */; };
		A3F30F571F8D8B7100684487 /* ChannelViewModel.swift in Sources */ = {isa = PBXBuildFile; fileRef = A3071DCC1F8CF9C500CD833E /* ChannelViewModel.swift */; };
		A3F30F641F8D8CC000684487 /* PlayerView.swift in Sources */ = {isa = PBXBuildFile; fileRef = A3F30F5D1F8D8C8000684487 /* PlayerView.swift */; };
		A3F30F651F8D8CC300684487 /* PlayerViewModel.swift in Sources */ = {isa = PBXBuildFile; fileRef = A3F30F5C1F8D8C8000684487 /* PlayerViewModel.swift */; };
		A3F30F671F8D8CCA00684487 /* SearchItemCellModel.swift in Sources */ = {isa = PBXBuildFile; fileRef = A3F30F631F8D8CA500684487 /* SearchItemCellModel.swift */; };
		A3F30F681F8D8CCE00684487 /* SearchView.swift in Sources */ = {isa = PBXBuildFile; fileRef = A3F30F601F8D8C9800684487 /* SearchView.swift */; };
		A3F30F691F8D8CD200684487 /* SearchViewModel.swift in Sources */ = {isa = PBXBuildFile; fileRef = A3F30F611F8D8C9800684487 /* SearchViewModel.swift */; };
		A3F30F6A1F8D8CD700684487 /* PlaylistView.swift in Sources */ = {isa = PBXBuildFile; fileRef = A3F30F5F1F8D8C8C00684487 /* PlaylistView.swift */; };
		A3F30F6B1F8D8CDB00684487 /* PlaylistViewModel.swift in Sources */ = {isa = PBXBuildFile; fileRef = A3F30F5E1F8D8C8C00684487 /* PlaylistViewModel.swift */; };
		A3F4CB8F1FA20D6F00A41DAF /* ChannelCoordinator.swift in Sources */ = {isa = PBXBuildFile; fileRef = A3F4CB8E1FA20D6F00A41DAF /* ChannelCoordinator.swift */; };
/* End PBXBuildFile section */

/* Begin PBXContainerItemProxy section */
		1C0DAD011E966B9D00B3D2C4 /* PBXContainerItemProxy */ = {
			isa = PBXContainerItemProxy;
			containerPortal = 1C0DACE41E966B9C00B3D2C4 /* Project object */;
			proxyType = 1;
			remoteGlobalIDString = 1C0DACEB1E966B9C00B3D2C4;
			remoteInfo = Rx_TubeApp;
		};
		1C0DAD0C1E966B9D00B3D2C4 /* PBXContainerItemProxy */ = {
			isa = PBXContainerItemProxy;
			containerPortal = 1C0DACE41E966B9C00B3D2C4 /* Project object */;
			proxyType = 1;
			remoteGlobalIDString = 1C0DACEB1E966B9C00B3D2C4;
			remoteInfo = Rx_TubeApp;
		};
/* End PBXContainerItemProxy section */

/* Begin PBXFileReference section */
		1C0DACEC1E966B9C00B3D2C4 /* Rx_TubeApp.app */ = {isa = PBXFileReference; explicitFileType = wrapper.application; includeInIndex = 0; path = Rx_TubeApp.app; sourceTree = BUILT_PRODUCTS_DIR; };
		1C0DACEF1E966B9C00B3D2C4 /* AppDelegate.swift */ = {isa = PBXFileReference; lastKnownFileType = sourcecode.swift; name = AppDelegate.swift; path = Application/AppDelegate.swift; sourceTree = "<group>"; };
		1C0DACF61E966B9C00B3D2C4 /* Assets.xcassets */ = {isa = PBXFileReference; lastKnownFileType = folder.assetcatalog; name = Assets.xcassets; path = Application/Assets.xcassets; sourceTree = "<group>"; };
		1C0DACFB1E966B9C00B3D2C4 /* Info.plist */ = {isa = PBXFileReference; lastKnownFileType = text.plist.xml; name = Info.plist; path = Application/Info.plist; sourceTree = "<group>"; };
		1C0DAD001E966B9D00B3D2C4 /* Rx_TubeAppTests.xctest */ = {isa = PBXFileReference; explicitFileType = wrapper.cfbundle; includeInIndex = 0; path = Rx_TubeAppTests.xctest; sourceTree = BUILT_PRODUCTS_DIR; };
		1C0DAD041E966B9D00B3D2C4 /* Rx_TubeAppTests.swift */ = {isa = PBXFileReference; lastKnownFileType = sourcecode.swift; path = Rx_TubeAppTests.swift; sourceTree = "<group>"; };
		1C0DAD061E966B9D00B3D2C4 /* Info.plist */ = {isa = PBXFileReference; lastKnownFileType = text.plist.xml; path = Info.plist; sourceTree = "<group>"; };
		1C0DAD0B1E966B9D00B3D2C4 /* Rx_TubeAppUITests.xctest */ = {isa = PBXFileReference; explicitFileType = wrapper.cfbundle; includeInIndex = 0; path = Rx_TubeAppUITests.xctest; sourceTree = BUILT_PRODUCTS_DIR; };
		1C0DAD0F1E966B9D00B3D2C4 /* Rx_TubeAppUITests.swift */ = {isa = PBXFileReference; lastKnownFileType = sourcecode.swift; path = Rx_TubeAppUITests.swift; sourceTree = "<group>"; };
		1C0DAD111E966B9D00B3D2C4 /* Info.plist */ = {isa = PBXFileReference; lastKnownFileType = text.plist.xml; path = Info.plist; sourceTree = "<group>"; };
		1CEF64581EA581CF0072C43F /* RxSwift.framework */ = {isa = PBXFileReference; lastKnownFileType = wrapper.framework; name = RxSwift.framework; path = Carthage/Build/iOS/RxSwift.framework; sourceTree = "<group>"; };
		1CEF645F1EA587000072C43F /* Launch Screen.storyboard */ = {isa = PBXFileReference; fileEncoding = 4; lastKnownFileType = file.storyboard; name = "Launch Screen.storyboard"; path = "Application/Launch Screen.storyboard"; sourceTree = "<group>"; };
		A304B57B21109E2300DEB348 /* GoogleSignIn.framework */ = {isa = PBXFileReference; lastKnownFileType = wrapper.framework; name = GoogleSignIn.framework; path = Carthage/Build/iOS/GoogleSignIn.framework; sourceTree = "<group>"; };
		A304B57D2110A11B00DEB348 /* YoutubeRelatedVideosRepository.swift */ = {isa = PBXFileReference; lastKnownFileType = sourcecode.swift; name = YoutubeRelatedVideosRepository.swift; path = Components/Repository/YoutubeRelatedVideosRepository.swift; sourceTree = "<group>"; };
		A304B57F2110A36A00DEB348 /* YoutubeSearchDetailsRepository.swift */ = {isa = PBXFileReference; lastKnownFileType = sourcecode.swift; name = YoutubeSearchDetailsRepository.swift; path = Components/Repository/YoutubeSearchDetailsRepository.swift; sourceTree = "<group>"; };
		A3071DCC1F8CF9C500CD833E /* ChannelViewModel.swift */ = {isa = PBXFileReference; lastKnownFileType = sourcecode.swift; name = ChannelViewModel.swift; path = UI/ViewControllers/Channel/ChannelViewModel.swift; sourceTree = "<group>"; };
		A3071DCD1F8CF9C500CD833E /* ChannelViewController.swift */ = {isa = PBXFileReference; lastKnownFileType = sourcecode.swift; name = ChannelViewController.swift; path = UI/ViewControllers/Channel/ChannelViewController.swift; sourceTree = "<group>"; };
		A3071DCE1F8CF9D900CD833E /* ItemListViewController.swift */ = {isa = PBXFileReference; lastKnownFileType = sourcecode.swift; name = ItemListViewController.swift; path = UI/ViewControllers/ItemList/ItemListViewController.swift; sourceTree = "<group>"; };
		A3071DCF1F8CF9D900CD833E /* ItemListViewModel.swift */ = {isa = PBXFileReference; lastKnownFileType = sourcecode.swift; name = ItemListViewModel.swift; path = UI/ViewControllers/ItemList/ItemListViewModel.swift; sourceTree = "<group>"; };
		A30912AA20DBF6B2001AA5D9 /* SearchVideoCell.swift */ = {isa = PBXFileReference; lastKnownFileType = sourcecode.swift; name = SearchVideoCell.swift; path = UI/Views/SearchItem/SearchVideoCell.swift; sourceTree = "<group>"; };
		A30912AC20DBF6D8001AA5D9 /* SearchChannelCell.swift */ = {isa = PBXFileReference; lastKnownFileType = sourcecode.swift; name = SearchChannelCell.swift; path = UI/Views/SearchItem/SearchChannelCell.swift; sourceTree = "<group>"; };
		A30912AE20DBF702001AA5D9 /* SearchPlaylistCell.swift */ = {isa = PBXFileReference; lastKnownFileType = sourcecode.swift; name = SearchPlaylistCell.swift; path = UI/Views/SearchItem/SearchPlaylistCell.swift; sourceTree = "<group>"; };
		A30912B020DBF792001AA5D9 /* SearchVideoCellModel.swift */ = {isa = PBXFileReference; lastKnownFileType = sourcecode.swift; name = SearchVideoCellModel.swift; path = UI/Views/SearchItem/SearchVideoCellModel.swift; sourceTree = "<group>"; };
		A30912B220DBFDDD001AA5D9 /* SearchChannelCellModel.swift */ = {isa = PBXFileReference; lastKnownFileType = sourcecode.swift; name = SearchChannelCellModel.swift; path = UI/Views/SearchItem/SearchChannelCellModel.swift; sourceTree = "<group>"; };
		A30912B420DBFF4B001AA5D9 /* SearchPlaylistCellModel.swift */ = {isa = PBXFileReference; lastKnownFileType = sourcecode.swift; name = SearchPlaylistCellModel.swift; path = UI/Views/SearchItem/SearchPlaylistCellModel.swift; sourceTree = "<group>"; };
		A33A1ABE1F5704EE0077C2B5 /* BaseTableViewCell.swift */ = {isa = PBXFileReference; lastKnownFileType = sourcecode.swift; name = BaseTableViewCell.swift; path = UI/Views/BaseTableViewCell.swift; sourceTree = "<group>"; };
		A350AE3D1F3A09C700D387A8 /* UIViewController+Rx.swift */ = {isa = PBXFileReference; lastKnownFileType = sourcecode.swift; name = "UIViewController+Rx.swift"; path = "Components/Rx/UIViewController+Rx.swift"; sourceTree = "<group>"; };
		A35C768920F0C3D800C2BB08 /* libc++.tbd */ = {isa = PBXFileReference; lastKnownFileType = "sourcecode.text-based-dylib-definition"; name = "libc++.tbd"; path = "usr/lib/libc++.tbd"; sourceTree = SDKROOT; };
		A35C768B20F0C6A800C2BB08 /* FirebaseAuth.framework */ = {isa = PBXFileReference; lastKnownFileType = wrapper.framework; name = FirebaseAuth.framework; path = Carthage/Build/iOS/FirebaseAuth.framework; sourceTree = "<group>"; };
		A35C768C20F0C6A800C2BB08 /* FirebaseCore.framework */ = {isa = PBXFileReference; lastKnownFileType = wrapper.framework; name = FirebaseCore.framework; path = Carthage/Build/iOS/FirebaseCore.framework; sourceTree = "<group>"; };
		A35C768D20F0C6A800C2BB08 /* Firebase.framework */ = {isa = PBXFileReference; lastKnownFileType = wrapper.framework; name = Firebase.framework; path = Carthage/Build/iOS/Firebase.framework; sourceTree = "<group>"; };
		A35C768E20F0C6A900C2BB08 /* FirebaseDatabase.framework */ = {isa = PBXFileReference; lastKnownFileType = wrapper.framework; name = FirebaseDatabase.framework; path = Carthage/Build/iOS/FirebaseDatabase.framework; sourceTree = "<group>"; };
		A35C768F20F0C6A900C2BB08 /* GoogleMobileAds.framework */ = {isa = PBXFileReference; lastKnownFileType = wrapper.framework; name = GoogleMobileAds.framework; path = Carthage/Build/iOS/GoogleMobileAds.framework; sourceTree = "<group>"; };
		A36886022189EA390059BCC1 /* TabBarController.swift */ = {isa = PBXFileReference; lastKnownFileType = sourcecode.swift; name = TabBarController.swift; path = UI/ViewControllers/TabBarController.swift; sourceTree = "<group>"; };
		A36886042189EC740059BCC1 /* TabBarViewModel.swift */ = {isa = PBXFileReference; lastKnownFileType = sourcecode.swift; name = TabBarViewModel.swift; path = UI/ViewControllers/TabBarViewModel.swift; sourceTree = "<group>"; };
		A36886072189F21F0059BCC1 /* HomeViewModel.swift */ = {isa = PBXFileReference; lastKnownFileType = sourcecode.swift; name = HomeViewModel.swift; path = UI/ViewControllers/Home/HomeViewModel.swift; sourceTree = "<group>"; };
		A36886092189F2340059BCC1 /* HomeViewController.swift */ = {isa = PBXFileReference; lastKnownFileType = sourcecode.swift; name = HomeViewController.swift; path = UI/ViewControllers/Home/HomeViewController.swift; sourceTree = "<group>"; };
		A368860B2189F3A30059BCC1 /* TabBarCoordinator.swift */ = {isa = PBXFileReference; lastKnownFileType = sourcecode.swift; name = TabBarCoordinator.swift; path = UI/ViewControllers/TabBarCoordinator.swift; sourceTree = "<group>"; };
		A36E8D681FB485AF007FD0C9 /* SearchVideoCategoryCellModel.swift */ = {isa = PBXFileReference; lastKnownFileType = sourcecode.swift; name = SearchVideoCategoryCellModel.swift; path = UI/Views/Search/SearchVideoCategoryCellModel.swift; sourceTree = "<group>"; };
		A3715FDF210F5F1000CE3589 /* RealmSwift.framework */ = {isa = PBXFileReference; lastKnownFileType = wrapper.framework; name = RealmSwift.framework; path = Carthage/Build/iOS/RealmSwift.framework; sourceTree = "<group>"; };
		A3715FE0210F5F1000CE3589 /* Realm.framework */ = {isa = PBXFileReference; lastKnownFileType = wrapper.framework; name = Realm.framework; path = Carthage/Build/iOS/Realm.framework; sourceTree = "<group>"; };
		A3715FE1210F5F1000CE3589 /* Nuke.framework */ = {isa = PBXFileReference; lastKnownFileType = wrapper.framework; name = Nuke.framework; path = Carthage/Build/iOS/Nuke.framework; sourceTree = "<group>"; };
		A3718AC91F0DAFDE0048FECC /* channel.json */ = {isa = PBXFileReference; fileEncoding = 4; lastKnownFileType = text.json; name = channel.json; path = Application/Resource/StubbedResponses/channel.json; sourceTree = "<group>"; };
		A3718ACA1F0DAFDE0048FECC /* searchlist.json */ = {isa = PBXFileReference; fileEncoding = 4; lastKnownFileType = text.json; name = searchlist.json; path = Application/Resource/StubbedResponses/searchlist.json; sourceTree = "<group>"; };
		A3718ACB1F0DAFDE0048FECC /* subscriptionsdelete.json */ = {isa = PBXFileReference; fileEncoding = 4; lastKnownFileType = text.json; name = subscriptionsdelete.json; path = Application/Resource/StubbedResponses/subscriptionsdelete.json; sourceTree = "<group>"; };
		A3718ACC1F0DAFDE0048FECC /* subscriptionsinsert.json */ = {isa = PBXFileReference; fileEncoding = 4; lastKnownFileType = text.json; name = subscriptionsinsert.json; path = Application/Resource/StubbedResponses/subscriptionsinsert.json; sourceTree = "<group>"; };
		A3718ACD1F0DAFDE0048FECC /* subscriptionslist.json */ = {isa = PBXFileReference; fileEncoding = 4; lastKnownFileType = text.json; name = subscriptionslist.json; path = Application/Resource/StubbedResponses/subscriptionslist.json; sourceTree = "<group>"; };
		A3718ACE1F0DAFDE0048FECC /* videos.json */ = {isa = PBXFileReference; fileEncoding = 4; lastKnownFileType = text.json; name = videos.json; path = Application/Resource/StubbedResponses/videos.json; sourceTree = "<group>"; };
		A37245ED1F39FA0D00CADACB /* Result.framework */ = {isa = PBXFileReference; lastKnownFileType = wrapper.framework; name = Result.framework; path = Carthage/Build/iOS/Result.framework; sourceTree = "<group>"; };
		A37DDA43217379FF00430C86 /* YoutubeSearchConditionRepository.swift */ = {isa = PBXFileReference; lastKnownFileType = sourcecode.swift; name = YoutubeSearchConditionRepository.swift; path = Components/Repository/YoutubeSearchConditionRepository.swift; sourceTree = "<group>"; };
		A37DDA452173864000430C86 /* ItemListDataSourceTranslator.swift */ = {isa = PBXFileReference; lastKnownFileType = sourcecode.swift; name = ItemListDataSourceTranslator.swift; path = UI/ViewControllers/ItemList/ItemListDataSourceTranslator.swift; sourceTree = "<group>"; };
		A38038E81FA43EE800623A09 /* NavigationController.swift */ = {isa = PBXFileReference; lastKnownFileType = sourcecode.swift; name = NavigationController.swift; path = UI/ViewControllers/NavigationController.swift; sourceTree = "<group>"; };
		A38DC8AD20D9538200577FC2 /* StateMachine.swift */ = {isa = PBXFileReference; lastKnownFileType = sourcecode.swift; name = StateMachine.swift; path = Components/Utils/StateMachine.swift; sourceTree = "<group>"; };
		A38DC8AF20D9581400577FC2 /* YoutubeVideosRepository.swift */ = {isa = PBXFileReference; lastKnownFileType = sourcecode.swift; name = YoutubeVideosRepository.swift; path = Components/Repository/YoutubeVideosRepository.swift; sourceTree = "<group>"; };
		A38DC8B120D9594100577FC2 /* YoutubeChannelsRepository.swift */ = {isa = PBXFileReference; lastKnownFileType = sourcecode.swift; name = YoutubeChannelsRepository.swift; path = Components/Repository/YoutubeChannelsRepository.swift; sourceTree = "<group>"; };
		A38DC8B320D95A3B00577FC2 /* YoutubePlaylistsRepository.swift */ = {isa = PBXFileReference; lastKnownFileType = sourcecode.swift; name = YoutubePlaylistsRepository.swift; path = Components/Repository/YoutubePlaylistsRepository.swift; sourceTree = "<group>"; };
		A38E116F211B25E90038C572 /* PlayerCoordinator.swift */ = {isa = PBXFileReference; lastKnownFileType = sourcecode.swift; name = PlayerCoordinator.swift; path = UI/Views/Player/PlayerCoordinator.swift; sourceTree = "<group>"; };
		A38E1171211B27850038C572 /* NavigationViewModel.swift */ = {isa = PBXFileReference; lastKnownFileType = sourcecode.swift; name = NavigationViewModel.swift; path = UI/ViewControllers/NavigationViewModel.swift; sourceTree = "<group>"; };
		A391FE701F3219DA008A2F9C /* RxCocoa.framework */ = {isa = PBXFileReference; lastKnownFileType = wrapper.framework; name = RxCocoa.framework; path = Carthage/Build/iOS/RxCocoa.framework; sourceTree = "<group>"; };
		A3A4631120EE80860040DC36 /* GoogleService-Info.plist */ = {isa = PBXFileReference; fileEncoding = 4; lastKnownFileType = text.plist.xml; name = "GoogleService-Info.plist"; path = "Application/GoogleService-Info.plist"; sourceTree = "<group>"; };
		A3AAF6011F2E0E0B003B2A71 /* videoCategories.json */ = {isa = PBXFileReference; lastKnownFileType = text.json; name = videoCategories.json; path = Application/Resource/StubbedResponses/videoCategories.json; sourceTree = "<group>"; };
		A3B0B00B1F05CBC300E053D1 /* Moya.framework */ = {isa = PBXFileReference; lastKnownFileType = wrapper.framework; name = Moya.framework; path = Carthage/Build/iOS/Moya.framework; sourceTree = "<group>"; };
		A3B0B00D1F05CBD900E053D1 /* RxMoya.framework */ = {isa = PBXFileReference; lastKnownFileType = wrapper.framework; name = RxMoya.framework; path = Carthage/Build/iOS/RxMoya.framework; sourceTree = "<group>"; };
		A3B599DE20AB2F970047338E /* YoutubeSearchRepository.swift */ = {isa = PBXFileReference; lastKnownFileType = sourcecode.swift; name = YoutubeSearchRepository.swift; path = Components/Repository/YoutubeSearchRepository.swift; sourceTree = "<group>"; };
		A3C0C512212DB6F3004216FE /* DIKit.framework */ = {isa = PBXFileReference; lastKnownFileType = wrapper.framework; name = DIKit.framework; path = Carthage/Build/iOS/DIKit.framework; sourceTree = "<group>"; };
		A3D4D94F216972E80090A97D /* APIService.swift */ = {isa = PBXFileReference; lastKnownFileType = sourcecode.swift; name = APIService.swift; path = Components/Remote/APIService/APIService.swift; sourceTree = "<group>"; };
		A3D4D952216973370090A97D /* SearchItems.swift */ = {isa = PBXFileReference; lastKnownFileType = sourcecode.swift; name = SearchItems.swift; path = Components/Remote/Models/SearchItems.swift; sourceTree = "<group>"; };
		A3D4D954216973640090A97D /* SearchItemDetails.swift */ = {isa = PBXFileReference; lastKnownFileType = sourcecode.swift; name = SearchItemDetails.swift; path = Components/Remote/Models/SearchItemDetails.swift; sourceTree = "<group>"; };
		A3D4D956216973850090A97D /* VideoCategory.swift */ = {isa = PBXFileReference; lastKnownFileType = sourcecode.swift; name = VideoCategory.swift; path = Components/Remote/Models/VideoCategory.swift; sourceTree = "<group>"; };
		A3D4D958216973A50090A97D /* Videos.swift */ = {isa = PBXFileReference; lastKnownFileType = sourcecode.swift; name = Videos.swift; path = Components/Remote/Models/Videos.swift; sourceTree = "<group>"; };
		A3D4D95A216973C10090A97D /* Channels.swift */ = {isa = PBXFileReference; lastKnownFileType = sourcecode.swift; name = Channels.swift; path = Components/Remote/Models/Channels.swift; sourceTree = "<group>"; };
		A3D4D95C216973FA0090A97D /* Playlists.swift */ = {isa = PBXFileReference; lastKnownFileType = sourcecode.swift; name = Playlists.swift; path = Components/Remote/Models/Playlists.swift; sourceTree = "<group>"; };
		A3D4D95E216974190090A97D /* Thumbnails.swift */ = {isa = PBXFileReference; lastKnownFileType = sourcecode.swift; name = Thumbnails.swift; path = Components/Remote/Models/Thumbnails.swift; sourceTree = "<group>"; };
		A3D4D96221697C6A0090A97D /* Database.swift */ = {isa = PBXFileReference; lastKnownFileType = sourcecode.swift; name = Database.swift; path = Components/DB/DBService/Database.swift; sourceTree = "<group>"; };
		A3D4D964216981430090A97D /* Convertible.swift */ = {isa = PBXFileReference; lastKnownFileType = sourcecode.swift; name = Convertible.swift; path = Components/DB/Models/Convertible.swift; sourceTree = "<group>"; };
		A3D4D966216984710090A97D /* YoutubeSearchCondition.swift */ = {isa = PBXFileReference; lastKnownFileType = sourcecode.swift; name = YoutubeSearchCondition.swift; path = Components/DB/Models/YoutubeSearchCondition.swift; sourceTree = "<group>"; };
		A3D4D9682169A56F0090A97D /* YoutubeSearchConditionHistory.swift */ = {isa = PBXFileReference; lastKnownFileType = sourcecode.swift; name = YoutubeSearchConditionHistory.swift; path = Components/DB/Models/YoutubeSearchConditionHistory.swift; sourceTree = "<group>"; };
		A3D5CC791FC0289B00FEDFCA /* RelatedVideoCell.swift */ = {isa = PBXFileReference; lastKnownFileType = sourcecode.swift; name = RelatedVideoCell.swift; path = UI/Views/SearchItem/RelatedVideoCell.swift; sourceTree = "<group>"; };
		A3D5CC7B1FC028BB00FEDFCA /* RelatedVideoCellModel.swift */ = {isa = PBXFileReference; lastKnownFileType = sourcecode.swift; name = RelatedVideoCellModel.swift; path = UI/Views/SearchItem/RelatedVideoCellModel.swift; sourceTree = "<group>"; };
		A3DECA661F9233630077086E /* BaseCoordinator.swift */ = {isa = PBXFileReference; lastKnownFileType = sourcecode.swift; name = BaseCoordinator.swift; path = UI/BaseCoordinator.swift; sourceTree = "<group>"; };
		A3DECA681F92345D0077086E /* AppCoordinator.swift */ = {isa = PBXFileReference; lastKnownFileType = sourcecode.swift; name = AppCoordinator.swift; path = Application/AppCoordinator.swift; sourceTree = "<group>"; };
		A3DECA6A1F9234CB0077086E /* ItemListCoordinator.swift */ = {isa = PBXFileReference; lastKnownFileType = sourcecode.swift; name = ItemListCoordinator.swift; path = UI/ViewControllers/ItemList/ItemListCoordinator.swift; sourceTree = "<group>"; };
		A3E3FB311F85A193009209D2 /* ObservableType+Codable.swift */ = {isa = PBXFileReference; lastKnownFileType = sourcecode.swift; name = "ObservableType+Codable.swift"; path = "Components/Rx/ObservableType+Codable.swift"; sourceTree = "<group>"; };
		A3E50A241F46C600001FEC7C /* Alamofire.framework */ = {isa = PBXFileReference; lastKnownFileType = wrapper.framework; name = Alamofire.framework; path = Carthage/Build/iOS/Alamofire.framework; sourceTree = "<group>"; };
		A3E583041F5BCBD10029DFEF /* playlists.json */ = {isa = PBXFileReference; lastKnownFileType = text.json; name = playlists.json; path = Application/Resource/StubbedResponses/playlists.json; sourceTree = "<group>"; };
		A3E671DA200E4B1C00617073 /* VideoOverviewView.swift */ = {isa = PBXFileReference; lastKnownFileType = sourcecode.swift; name = VideoOverviewView.swift; path = UI/Views/Player/VideoOverviewView.swift; sourceTree = "<group>"; };
		A3E671DC200E4B3D00617073 /* VideoOverviewViewModel.swift */ = {isa = PBXFileReference; lastKnownFileType = sourcecode.swift; name = VideoOverviewViewModel.swift; path = UI/Views/Player/VideoOverviewViewModel.swift; sourceTree = "<group>"; };
		A3F30F5C1F8D8C8000684487 /* PlayerViewModel.swift */ = {isa = PBXFileReference; lastKnownFileType = sourcecode.swift; name = PlayerViewModel.swift; path = UI/Views/Player/PlayerViewModel.swift; sourceTree = "<group>"; };
		A3F30F5D1F8D8C8000684487 /* PlayerView.swift */ = {isa = PBXFileReference; lastKnownFileType = sourcecode.swift; name = PlayerView.swift; path = UI/Views/Player/PlayerView.swift; sourceTree = "<group>"; };
		A3F30F5E1F8D8C8C00684487 /* PlaylistViewModel.swift */ = {isa = PBXFileReference; lastKnownFileType = sourcecode.swift; name = PlaylistViewModel.swift; path = UI/Views/Playlist/PlaylistViewModel.swift; sourceTree = "<group>"; };
		A3F30F5F1F8D8C8C00684487 /* PlaylistView.swift */ = {isa = PBXFileReference; lastKnownFileType = sourcecode.swift; name = PlaylistView.swift; path = UI/Views/Playlist/PlaylistView.swift; sourceTree = "<group>"; };
		A3F30F601F8D8C9800684487 /* SearchView.swift */ = {isa = PBXFileReference; lastKnownFileType = sourcecode.swift; name = SearchView.swift; path = UI/Views/Search/SearchView.swift; sourceTree = "<group>"; };
		A3F30F611F8D8C9800684487 /* SearchViewModel.swift */ = {isa = PBXFileReference; lastKnownFileType = sourcecode.swift; name = SearchViewModel.swift; path = UI/Views/Search/SearchViewModel.swift; sourceTree = "<group>"; };
		A3F30F631F8D8CA500684487 /* SearchItemCellModel.swift */ = {isa = PBXFileReference; lastKnownFileType = sourcecode.swift; name = SearchItemCellModel.swift; path = UI/Views/SearchItem/SearchItemCellModel.swift; sourceTree = "<group>"; };
		A3F4CB8E1FA20D6F00A41DAF /* ChannelCoordinator.swift */ = {isa = PBXFileReference; lastKnownFileType = sourcecode.swift; name = ChannelCoordinator.swift; path = UI/ViewControllers/Channel/ChannelCoordinator.swift; sourceTree = "<group>"; };
		A3F6AEB521383B7200FCFE6F /* libsqlite3.tbd */ = {isa = PBXFileReference; lastKnownFileType = "sourcecode.text-based-dylib-definition"; name = libsqlite3.tbd; path = usr/lib/libsqlite3.tbd; sourceTree = SDKROOT; };
		A3F6AEB721383B9400FCFE6F /* libicucore.tbd */ = {isa = PBXFileReference; lastKnownFileType = "sourcecode.text-based-dylib-definition"; name = libicucore.tbd; path = usr/lib/libicucore.tbd; sourceTree = SDKROOT; };
/* End PBXFileReference section */

/* Begin PBXFrameworksBuildPhase section */
		1C0DACE91E966B9C00B3D2C4 /* Frameworks */ = {
			isa = PBXFrameworksBuildPhase;
			buildActionMask = 2147483647;
			files = (
				A35C768A20F0C3D800C2BB08 /* libc++.tbd in Frameworks */,
				A3C0C513212DB6F3004216FE /* DIKit.framework in Frameworks */,
				A3C0C511212DB6C8004216FE /* Result.framework in Frameworks */,
				A3C0C510212DB6C0004216FE /* Alamofire.framework in Frameworks */,
				A3C0C50F212DB6BB004216FE /* Moya.framework in Frameworks */,
				A3C0C50E212DB6B4004216FE /* RxMoya.framework in Frameworks */,
				A3C0C50D212DB6A5004216FE /* RxSwift.framework in Frameworks */,
				A3C0C50C212DB670004216FE /* RxCocoa.framework in Frameworks */,
				A35C769020F0C6A900C2BB08 /* FirebaseAuth.framework in Frameworks */,
				A3715FE2210F5F1000CE3589 /* RealmSwift.framework in Frameworks */,
				A3715FE3210F5F1000CE3589 /* Realm.framework in Frameworks */,
				A3715FE4210F5F1000CE3589 /* Nuke.framework in Frameworks */,
				A35C769120F0C6A900C2BB08 /* FirebaseCore.framework in Frameworks */,
				A35C769320F0C6A900C2BB08 /* FirebaseDatabase.framework in Frameworks */,
				A35C769420F0C6A900C2BB08 /* GoogleMobileAds.framework in Frameworks */,
				A304B57C21109E2300DEB348 /* GoogleSignIn.framework in Frameworks */,
			);
			runOnlyForDeploymentPostprocessing = 0;
		};
		1C0DACFD1E966B9D00B3D2C4 /* Frameworks */ = {
			isa = PBXFrameworksBuildPhase;
			buildActionMask = 2147483647;
			files = (
			);
			runOnlyForDeploymentPostprocessing = 0;
		};
		1C0DAD081E966B9D00B3D2C4 /* Frameworks */ = {
			isa = PBXFrameworksBuildPhase;
			buildActionMask = 2147483647;
			files = (
			);
			runOnlyForDeploymentPostprocessing = 0;
		};
/* End PBXFrameworksBuildPhase section */

/* Begin PBXGroup section */
		1C0DACE31E966B9C00B3D2C4 = {
			isa = PBXGroup;
			children = (
				1C0DACEE1E966B9C00B3D2C4 /* Rx_TubeApp */,
				1C0DAD031E966B9D00B3D2C4 /* Rx_TubeAppTests */,
				1C0DAD0E1E966B9D00B3D2C4 /* Rx_TubeAppUITests */,
				1C0DACED1E966B9C00B3D2C4 /* Products */,
				1CEF64551EA581BC0072C43F /* Frameworks */,
			);
			sourceTree = "<group>";
		};
		1C0DACED1E966B9C00B3D2C4 /* Products */ = {
			isa = PBXGroup;
			children = (
				1C0DACEC1E966B9C00B3D2C4 /* Rx_TubeApp.app */,
				1C0DAD001E966B9D00B3D2C4 /* Rx_TubeAppTests.xctest */,
				1C0DAD0B1E966B9D00B3D2C4 /* Rx_TubeAppUITests.xctest */,
			);
			name = Products;
			sourceTree = "<group>";
		};
		1C0DACEE1E966B9C00B3D2C4 /* Rx_TubeApp */ = {
			isa = PBXGroup;
			children = (
				1CEF645E1EA585210072C43F /* UI */,
				1CEF645D1EA585140072C43F /* Components */,
				1CEF645C1EA584E60072C43F /* Application */,
			);
			path = Rx_TubeApp;
			sourceTree = "<group>";
		};
		1C0DAD031E966B9D00B3D2C4 /* Rx_TubeAppTests */ = {
			isa = PBXGroup;
			children = (
				1C0DAD041E966B9D00B3D2C4 /* Rx_TubeAppTests.swift */,
				1C0DAD061E966B9D00B3D2C4 /* Info.plist */,
			);
			path = Rx_TubeAppTests;
			sourceTree = "<group>";
		};
		1C0DAD0E1E966B9D00B3D2C4 /* Rx_TubeAppUITests */ = {
			isa = PBXGroup;
			children = (
				1C0DAD0F1E966B9D00B3D2C4 /* Rx_TubeAppUITests.swift */,
				1C0DAD111E966B9D00B3D2C4 /* Info.plist */,
			);
			path = Rx_TubeAppUITests;
			sourceTree = "<group>";
		};
		1CEF64551EA581BC0072C43F /* Frameworks */ = {
			isa = PBXGroup;
			children = (
				A3F6AEB721383B9400FCFE6F /* libicucore.tbd */,
				A3F6AEB521383B7200FCFE6F /* libsqlite3.tbd */,
				A3C0C512212DB6F3004216FE /* DIKit.framework */,
				A304B57B21109E2300DEB348 /* GoogleSignIn.framework */,
				A3715FE1210F5F1000CE3589 /* Nuke.framework */,
				A3715FE0210F5F1000CE3589 /* Realm.framework */,
				A3715FDF210F5F1000CE3589 /* RealmSwift.framework */,
				A35C768920F0C3D800C2BB08 /* libc++.tbd */,
				A35C768D20F0C6A800C2BB08 /* Firebase.framework */,
				A35C768B20F0C6A800C2BB08 /* FirebaseAuth.framework */,
				A35C768C20F0C6A800C2BB08 /* FirebaseCore.framework */,
				A35C768E20F0C6A900C2BB08 /* FirebaseDatabase.framework */,
				A35C768F20F0C6A900C2BB08 /* GoogleMobileAds.framework */,
				A3E50A241F46C600001FEC7C /* Alamofire.framework */,
				A37245ED1F39FA0D00CADACB /* Result.framework */,
				A391FE701F3219DA008A2F9C /* RxCocoa.framework */,
				A3B0B00D1F05CBD900E053D1 /* RxMoya.framework */,
				A3B0B00B1F05CBC300E053D1 /* Moya.framework */,
				1CEF64581EA581CF0072C43F /* RxSwift.framework */,
			);
			name = Frameworks;
			sourceTree = "<group>";
		};
		1CEF645C1EA584E60072C43F /* Application */ = {
			isa = PBXGroup;
			children = (
				A394F38C1F0D289200BF14BC /* Resource */,
				1C0DACEF1E966B9C00B3D2C4 /* AppDelegate.swift */,
				A3A4631120EE80860040DC36 /* GoogleService-Info.plist */,
				1C0DACF61E966B9C00B3D2C4 /* Assets.xcassets */,
				1C0DACFB1E966B9C00B3D2C4 /* Info.plist */,
				1CEF645F1EA587000072C43F /* Launch Screen.storyboard */,
				A3DECA681F92345D0077086E /* AppCoordinator.swift */,
			);
			name = Application;
			sourceTree = "<group>";
		};
		1CEF645D1EA585140072C43F /* Components */ = {
			isa = PBXGroup;
			children = (
				A38DC8AC20D9533A00577FC2 /* Utils */,
				A3B599DD20AB2F1A0047338E /* Repository */,
				A350AE3C1F3A099F00D387A8 /* Rx */,
				A3D4D94A216971AA0090A97D /* Remote */,
				A3D4D9492169717B0090A97D /* DB */,
			);
			name = Components;
			sourceTree = "<group>";
		};
		1CEF645E1EA585210072C43F /* UI */ = {
			isa = PBXGroup;
			children = (
				A38A2FAB1F184091006715A0 /* Views */,
				B9F26EB31EF2764400E8D009 /* ViewControllers */,
				A3DECA661F9233630077086E /* BaseCoordinator.swift */,
			);
			name = UI;
			sourceTree = "<group>";
		};
		A3071DCA1F8CF9A700CD833E /* Channel */ = {
			isa = PBXGroup;
			children = (
				A3071DCD1F8CF9C500CD833E /* ChannelViewController.swift */,
				A3071DCC1F8CF9C500CD833E /* ChannelViewModel.swift */,
				A3F4CB8E1FA20D6F00A41DAF /* ChannelCoordinator.swift */,
			);
			name = Channel;
			sourceTree = "<group>";
		};
		A3071DCB1F8CF9AF00CD833E /* ItemList */ = {
			isa = PBXGroup;
			children = (
				A3071DCE1F8CF9D900CD833E /* ItemListViewController.swift */,
				A3071DCF1F8CF9D900CD833E /* ItemListViewModel.swift */,
				A3DECA6A1F9234CB0077086E /* ItemListCoordinator.swift */,
				A37DDA452173864000430C86 /* ItemListDataSourceTranslator.swift */,
			);
			name = ItemList;
			sourceTree = "<group>";
		};
		A350AE3C1F3A099F00D387A8 /* Rx */ = {
			isa = PBXGroup;
			children = (
				A350AE3D1F3A09C700D387A8 /* UIViewController+Rx.swift */,
				A3E3FB311F85A193009209D2 /* ObservableType+Codable.swift */,
			);
			name = Rx;
			sourceTree = "<group>";
		};
		A36886062189F1DE0059BCC1 /* Home */ = {
			isa = PBXGroup;
			children = (
				A36886072189F21F0059BCC1 /* HomeViewModel.swift */,
				A36886092189F2340059BCC1 /* HomeViewController.swift */,
			);
			name = Home;
			sourceTree = "<group>";
		};
		A38A2FAB1F184091006715A0 /* Views */ = {
			isa = PBXGroup;
			children = (
				A3F30F5B1F8D8C5C00684487 /* Playlist */,
				A3F30F5A1F8D8C5400684487 /* Player */,
				A3F30F591F8D8C4C00684487 /* SearchItem */,
				A3F30F581F8D8C4600684487 /* Search */,
				A33A1ABE1F5704EE0077C2B5 /* BaseTableViewCell.swift */,
			);
			name = Views;
			sourceTree = "<group>";
		};
		A38DC8AC20D9533A00577FC2 /* Utils */ = {
			isa = PBXGroup;
			children = (
				A38DC8AD20D9538200577FC2 /* StateMachine.swift */,
			);
			name = Utils;
			sourceTree = "<group>";
		};
		A394F38C1F0D289200BF14BC /* Resource */ = {
			isa = PBXGroup;
			children = (
				A394F38D1F0D28C100BF14BC /* StubbedResponses */,
			);
			name = Resource;
			sourceTree = "<group>";
		};
		A394F38D1F0D28C100BF14BC /* StubbedResponses */ = {
			isa = PBXGroup;
			children = (
				A3AAF6011F2E0E0B003B2A71 /* videoCategories.json */,
				A3E583041F5BCBD10029DFEF /* playlists.json */,
				A3718AC91F0DAFDE0048FECC /* channel.json */,
				A3718ACA1F0DAFDE0048FECC /* searchlist.json */,
				A3718ACB1F0DAFDE0048FECC /* subscriptionsdelete.json */,
				A3718ACC1F0DAFDE0048FECC /* subscriptionsinsert.json */,
				A3718ACD1F0DAFDE0048FECC /* subscriptionslist.json */,
				A3718ACE1F0DAFDE0048FECC /* videos.json */,
			);
			name = StubbedResponses;
			sourceTree = "<group>";
		};
		A3B599DD20AB2F1A0047338E /* Repository */ = {
			isa = PBXGroup;
			children = (
				A3B599DE20AB2F970047338E /* YoutubeSearchRepository.swift */,
				A304B57F2110A36A00DEB348 /* YoutubeSearchDetailsRepository.swift */,
				A38DC8AF20D9581400577FC2 /* YoutubeVideosRepository.swift */,
				A304B57D2110A11B00DEB348 /* YoutubeRelatedVideosRepository.swift */,
				A38DC8B120D9594100577FC2 /* YoutubeChannelsRepository.swift */,
				A38DC8B320D95A3B00577FC2 /* YoutubePlaylistsRepository.swift */,
				A37DDA43217379FF00430C86 /* YoutubeSearchConditionRepository.swift */,
			);
			name = Repository;
			sourceTree = "<group>";
		};
		A3D4D9492169717B0090A97D /* DB */ = {
			isa = PBXGroup;
			children = (
				A3D4D9612169748B0090A97D /* DBService */,
				A3D4D9602169747F0090A97D /* Models */,
			);
			name = DB;
			sourceTree = "<group>";
		};
		A3D4D94A216971AA0090A97D /* Remote */ = {
			isa = PBXGroup;
			children = (
				A3D4D951216972FC0090A97D /* Models */,
				A3D4D94E216972CB0090A97D /* APIService */,
			);
			name = Remote;
			sourceTree = "<group>";
		};
		A3D4D94E216972CB0090A97D /* APIService */ = {
			isa = PBXGroup;
			children = (
				A3D4D94F216972E80090A97D /* APIService.swift */,
			);
			name = APIService;
			sourceTree = "<group>";
		};
		A3D4D951216972FC0090A97D /* Models */ = {
			isa = PBXGroup;
			children = (
				A3D4D952216973370090A97D /* SearchItems.swift */,
				A3D4D954216973640090A97D /* SearchItemDetails.swift */,
				A3D4D956216973850090A97D /* VideoCategory.swift */,
				A3D4D958216973A50090A97D /* Videos.swift */,
				A3D4D95A216973C10090A97D /* Channels.swift */,
				A3D4D95C216973FA0090A97D /* Playlists.swift */,
				A3D4D95E216974190090A97D /* Thumbnails.swift */,
			);
			name = Models;
			sourceTree = "<group>";
		};
		A3D4D9602169747F0090A97D /* Models */ = {
			isa = PBXGroup;
			children = (
				A3D4D964216981430090A97D /* Convertible.swift */,
				A3D4D966216984710090A97D /* YoutubeSearchCondition.swift */,
				A3D4D9682169A56F0090A97D /* YoutubeSearchConditionHistory.swift */,
			);
			name = Models;
			sourceTree = "<group>";
		};
		A3D4D9612169748B0090A97D /* DBService */ = {
			isa = PBXGroup;
			children = (
				A3D4D96221697C6A0090A97D /* Database.swift */,
			);
			name = DBService;
			sourceTree = "<group>";
		};
		A3F30F581F8D8C4600684487 /* Search */ = {
			isa = PBXGroup;
			children = (
				A3F30F601F8D8C9800684487 /* SearchView.swift */,
				A3F30F611F8D8C9800684487 /* SearchViewModel.swift */,
				A36E8D681FB485AF007FD0C9 /* SearchVideoCategoryCellModel.swift */,
			);
			name = Search;
			sourceTree = "<group>";
		};
		A3F30F591F8D8C4C00684487 /* SearchItem */ = {
			isa = PBXGroup;
			children = (
				A3F30F631F8D8CA500684487 /* SearchItemCellModel.swift */,
				A3D5CC791FC0289B00FEDFCA /* RelatedVideoCell.swift */,
				A3D5CC7B1FC028BB00FEDFCA /* RelatedVideoCellModel.swift */,
				A30912AA20DBF6B2001AA5D9 /* SearchVideoCell.swift */,
				A30912B020DBF792001AA5D9 /* SearchVideoCellModel.swift */,
				A30912AC20DBF6D8001AA5D9 /* SearchChannelCell.swift */,
				A30912B220DBFDDD001AA5D9 /* SearchChannelCellModel.swift */,
				A30912AE20DBF702001AA5D9 /* SearchPlaylistCell.swift */,
				A30912B420DBFF4B001AA5D9 /* SearchPlaylistCellModel.swift */,
			);
			name = SearchItem;
			sourceTree = "<group>";
		};
		A3F30F5A1F8D8C5400684487 /* Player */ = {
			isa = PBXGroup;
			children = (
				A3F30F5D1F8D8C8000684487 /* PlayerView.swift */,
				A3F30F5C1F8D8C8000684487 /* PlayerViewModel.swift */,
				A3E671DA200E4B1C00617073 /* VideoOverviewView.swift */,
				A3E671DC200E4B3D00617073 /* VideoOverviewViewModel.swift */,
				A38E116F211B25E90038C572 /* PlayerCoordinator.swift */,
			);
			name = Player;
			sourceTree = "<group>";
		};
		A3F30F5B1F8D8C5C00684487 /* Playlist */ = {
			isa = PBXGroup;
			children = (
				A3F30F5F1F8D8C8C00684487 /* PlaylistView.swift */,
				A3F30F5E1F8D8C8C00684487 /* PlaylistViewModel.swift */,
			);
			name = Playlist;
			sourceTree = "<group>";
		};
		B9F26EB31EF2764400E8D009 /* ViewControllers */ = {
			isa = PBXGroup;
			children = (
				A36886062189F1DE0059BCC1 /* Home */,
				A3071DCB1F8CF9AF00CD833E /* ItemList */,
				A3071DCA1F8CF9A700CD833E /* Channel */,
				A38038E81FA43EE800623A09 /* NavigationController.swift */,
				A38E1171211B27850038C572 /* NavigationViewModel.swift */,
				A36886022189EA390059BCC1 /* TabBarController.swift */,
				A36886042189EC740059BCC1 /* TabBarViewModel.swift */,
				A368860B2189F3A30059BCC1 /* TabBarCoordinator.swift */,
			);
			name = ViewControllers;
			sourceTree = "<group>";
		};
/* End PBXGroup section */

/* Begin PBXNativeTarget section */
		1C0DACEB1E966B9C00B3D2C4 /* Rx_TubeApp */ = {
			isa = PBXNativeTarget;
			buildConfigurationList = 1C0DAD141E966B9D00B3D2C4 /* Build configuration list for PBXNativeTarget "Rx_TubeApp" */;
			buildPhases = (
				1C0DACE81E966B9C00B3D2C4 /* Sources */,
				1C0DACE91E966B9C00B3D2C4 /* Frameworks */,
				1C0DACEA1E966B9C00B3D2C4 /* Resources */,
				A33637C11F3221AA004A1E57 /* copy-framework */,
				A3715FE5210F628800CE3589 /* SwiftLint */,
			);
			buildRules = (
			);
			dependencies = (
			);
			name = Rx_TubeApp;
			productName = Rx_TubeApp;
			productReference = 1C0DACEC1E966B9C00B3D2C4 /* Rx_TubeApp.app */;
			productType = "com.apple.product-type.application";
		};
		1C0DACFF1E966B9D00B3D2C4 /* Rx_TubeAppTests */ = {
			isa = PBXNativeTarget;
			buildConfigurationList = 1C0DAD171E966B9D00B3D2C4 /* Build configuration list for PBXNativeTarget "Rx_TubeAppTests" */;
			buildPhases = (
				1C0DACFC1E966B9D00B3D2C4 /* Sources */,
				1C0DACFD1E966B9D00B3D2C4 /* Frameworks */,
				1C0DACFE1E966B9D00B3D2C4 /* Resources */,
			);
			buildRules = (
			);
			dependencies = (
				1C0DAD021E966B9D00B3D2C4 /* PBXTargetDependency */,
			);
			name = Rx_TubeAppTests;
			productName = Rx_TubeAppTests;
			productReference = 1C0DAD001E966B9D00B3D2C4 /* Rx_TubeAppTests.xctest */;
			productType = "com.apple.product-type.bundle.unit-test";
		};
		1C0DAD0A1E966B9D00B3D2C4 /* Rx_TubeAppUITests */ = {
			isa = PBXNativeTarget;
			buildConfigurationList = 1C0DAD1A1E966B9D00B3D2C4 /* Build configuration list for PBXNativeTarget "Rx_TubeAppUITests" */;
			buildPhases = (
				1C0DAD071E966B9D00B3D2C4 /* Sources */,
				1C0DAD081E966B9D00B3D2C4 /* Frameworks */,
				1C0DAD091E966B9D00B3D2C4 /* Resources */,
			);
			buildRules = (
			);
			dependencies = (
				1C0DAD0D1E966B9D00B3D2C4 /* PBXTargetDependency */,
			);
			name = Rx_TubeAppUITests;
			productName = Rx_TubeAppUITests;
			productReference = 1C0DAD0B1E966B9D00B3D2C4 /* Rx_TubeAppUITests.xctest */;
			productType = "com.apple.product-type.bundle.ui-testing";
		};
/* End PBXNativeTarget section */

/* Begin PBXProject section */
		1C0DACE41E966B9C00B3D2C4 /* Project object */ = {
			isa = PBXProject;
			attributes = {
				LastSwiftUpdateCheck = 0820;
				LastUpgradeCheck = 0900;
				ORGANIZATIONNAME = "HIroshi Hosoda";
				TargetAttributes = {
					1C0DACEB1E966B9C00B3D2C4 = {
						CreatedOnToolsVersion = 8.2.1;
						LastSwiftMigration = 0900;
						ProvisioningStyle = Automatic;
					};
					1C0DACFF1E966B9D00B3D2C4 = {
						CreatedOnToolsVersion = 8.2.1;
						LastSwiftMigration = 0900;
						ProvisioningStyle = Automatic;
						TestTargetID = 1C0DACEB1E966B9C00B3D2C4;
					};
					1C0DAD0A1E966B9D00B3D2C4 = {
						CreatedOnToolsVersion = 8.2.1;
						LastSwiftMigration = 0900;
						ProvisioningStyle = Automatic;
						TestTargetID = 1C0DACEB1E966B9C00B3D2C4;
					};
				};
			};
			buildConfigurationList = 1C0DACE71E966B9C00B3D2C4 /* Build configuration list for PBXProject "Rx_TubeApp" */;
			compatibilityVersion = "Xcode 3.2";
			developmentRegion = English;
			hasScannedForEncodings = 0;
			knownRegions = (
				en,
				Base,
			);
			mainGroup = 1C0DACE31E966B9C00B3D2C4;
			productRefGroup = 1C0DACED1E966B9C00B3D2C4 /* Products */;
			projectDirPath = "";
			projectRoot = "";
			targets = (
				1C0DACEB1E966B9C00B3D2C4 /* Rx_TubeApp */,
				1C0DACFF1E966B9D00B3D2C4 /* Rx_TubeAppTests */,
				1C0DAD0A1E966B9D00B3D2C4 /* Rx_TubeAppUITests */,
			);
		};
/* End PBXProject section */

/* Begin PBXResourcesBuildPhase section */
		1C0DACEA1E966B9C00B3D2C4 /* Resources */ = {
			isa = PBXResourcesBuildPhase;
			buildActionMask = 2147483647;
			files = (
				A3AAF6021F2E0E17003B2A71 /* videoCategories.json in Resources */,
				1CEF64601EA587000072C43F /* Launch Screen.storyboard in Resources */,
				A3718AD01F0DAFDE0048FECC /* searchlist.json in Resources */,
				1C0DACF71E966B9C00B3D2C4 /* Assets.xcassets in Resources */,
				A3718ACF1F0DAFDE0048FECC /* channel.json in Resources */,
				A3718AD11F0DAFDE0048FECC /* subscriptionsdelete.json in Resources */,
				A3718AD41F0DAFDE0048FECC /* videos.json in Resources */,
				A3A4631220EE80870040DC36 /* GoogleService-Info.plist in Resources */,
				A3718AD31F0DAFDE0048FECC /* subscriptionslist.json in Resources */,
				A3718AD21F0DAFDE0048FECC /* subscriptionsinsert.json in Resources */,
			);
			runOnlyForDeploymentPostprocessing = 0;
		};
		1C0DACFE1E966B9D00B3D2C4 /* Resources */ = {
			isa = PBXResourcesBuildPhase;
			buildActionMask = 2147483647;
			files = (
			);
			runOnlyForDeploymentPostprocessing = 0;
		};
		1C0DAD091E966B9D00B3D2C4 /* Resources */ = {
			isa = PBXResourcesBuildPhase;
			buildActionMask = 2147483647;
			files = (
			);
			runOnlyForDeploymentPostprocessing = 0;
		};
/* End PBXResourcesBuildPhase section */

/* Begin PBXShellScriptBuildPhase section */
		A33637C11F3221AA004A1E57 /* copy-framework */ = {
			isa = PBXShellScriptBuildPhase;
			buildActionMask = 2147483647;
			files = (
			);
			inputPaths = (
				"$(SRCROOT)/Carthage/Build/iOS/Nuke.framework",
				"$(SRCROOT)/Carthage/Build/iOS/Moya.framework",
				"$(SRCROOT)/Carthage/Build/iOS/RxCocoa.framework",
				"$(SRCROOT)/Carthage/Build/iOS/RxMoya.framework",
				"$(SRCROOT)/Carthage/Build/iOS/RxSwift.framework",
				"$(SRCROOT)/Carthage/Build/iOS/Realm.framework",
				"$(SRCROOT)/Carthage/Build/iOS/Alamofire.framework",
				"$(SRCROOT)/Carthage/Build/iOS/RealmSwift.framework",
				"$(SRCROOT)/Carthage/Build/iOS/GoogleSignIn.framework",
				"$(SRCROOT)/Carthage/Build/iOS/DIKit.framework",
			);
			name = "copy-framework";
			outputPaths = (
			);
			runOnlyForDeploymentPostprocessing = 0;
			shellPath = /bin/sh;
			shellScript = "/usr/local/bin/carthage copy-frameworks";
		};
		A3715FE5210F628800CE3589 /* SwiftLint */ = {
			isa = PBXShellScriptBuildPhase;
			buildActionMask = 2147483647;
			files = (
			);
			inputPaths = (
			);
			name = SwiftLint;
			outputPaths = (
			);
			runOnlyForDeploymentPostprocessing = 0;
			shellPath = /bin/sh;
			shellScript = "if which swiftlint >/dev/null; then\nswiftlint\nelse\necho \"warning: SwiftLint not installed, download from https://github.com/realm/SwiftLint\"\nfi\n";
		};
/* End PBXShellScriptBuildPhase section */

/* Begin PBXSourcesBuildPhase section */
		1C0DACE81E966B9C00B3D2C4 /* Sources */ = {
			isa = PBXSourcesBuildPhase;
			buildActionMask = 2147483647;
			files = (
				A38E1172211B27850038C572 /* NavigationViewModel.swift in Sources */,
				A3E671DB200E4B1C00617073 /* VideoOverviewView.swift in Sources */,
				A38DC8B220D9594100577FC2 /* YoutubeChannelsRepository.swift in Sources */,
				A3F30F571F8D8B7100684487 /* ChannelViewModel.swift in Sources */,
				A3D4D95D216973FA0090A97D /* Playlists.swift in Sources */,
				A368860C2189F3A30059BCC1 /* TabBarCoordinator.swift in Sources */,
				A38DC8AE20D9538200577FC2 /* StateMachine.swift in Sources */,
				A3D4D95F216974190090A97D /* Thumbnails.swift in Sources */,
				A30912B320DBFDDD001AA5D9 /* SearchChannelCellModel.swift in Sources */,
				A350AE3E1F3A09C700D387A8 /* UIViewController+Rx.swift in Sources */,
				A3DECA691F92345D0077086E /* AppCoordinator.swift in Sources */,
				A3D4D9692169A56F0090A97D /* YoutubeSearchConditionHistory.swift in Sources */,
				A38DC8B020D9581400577FC2 /* YoutubeVideosRepository.swift in Sources */,
				A30912B120DBF792001AA5D9 /* SearchVideoCellModel.swift in Sources */,
				A36886032189EA390059BCC1 /* TabBarController.swift in Sources */,
				A3D4D96321697C6A0090A97D /* Database.swift in Sources */,
				A38E1170211B25E90038C572 /* PlayerCoordinator.swift in Sources */,
				A30912B520DBFF4B001AA5D9 /* SearchPlaylistCellModel.swift in Sources */,
				A3F30F6B1F8D8CDB00684487 /* PlaylistViewModel.swift in Sources */,
				A3D4D957216973850090A97D /* VideoCategory.swift in Sources */,
				A368860A2189F2340059BCC1 /* HomeViewController.swift in Sources */,
				A36886082189F21F0059BCC1 /* HomeViewModel.swift in Sources */,
				A3D5CC7A1FC0289B00FEDFCA /* RelatedVideoCell.swift in Sources */,
				A304B5802110A36A00DEB348 /* YoutubeSearchDetailsRepository.swift in Sources */,
				A3D4D950216972E80090A97D /* APIService.swift in Sources */,
				A3D5CC7C1FC028BB00FEDFCA /* RelatedVideoCellModel.swift in Sources */,
				A3F30F681F8D8CCE00684487 /* SearchView.swift in Sources */,
				A38DC8B420D95A3B00577FC2 /* YoutubePlaylistsRepository.swift in Sources */,
				A3F30F651F8D8CC300684487 /* PlayerViewModel.swift in Sources */,
				A3F30F641F8D8CC000684487 /* PlayerView.swift in Sources */,
				A3DECA6B1F9234CB0077086E /* ItemListCoordinator.swift in Sources */,
				A304B57E2110A11B00DEB348 /* YoutubeRelatedVideosRepository.swift in Sources */,
				A3F30F551F8D8B6A00684487 /* ItemListViewModel.swift in Sources */,
				A3DECA671F9233630077086E /* BaseCoordinator.swift in Sources */,
				A3D4D955216973640090A97D /* SearchItemDetails.swift in Sources */,
				A3F4CB8F1FA20D6F00A41DAF /* ChannelCoordinator.swift in Sources */,
				A3E671DD200E4B3D00617073 /* VideoOverviewViewModel.swift in Sources */,
				A37DDA462173864000430C86 /* ItemListDataSourceTranslator.swift in Sources */,
				A30912AB20DBF6B2001AA5D9 /* SearchVideoCell.swift in Sources */,
				A3B599DF20AB2F970047338E /* YoutubeSearchRepository.swift in Sources */,
				A3F30F691F8D8CD200684487 /* SearchViewModel.swift in Sources */,
				1C0DACF01E966B9C00B3D2C4 /* AppDelegate.swift in Sources */,
				A3F30F671F8D8CCA00684487 /* SearchItemCellModel.swift in Sources */,
				A36886052189EC740059BCC1 /* TabBarViewModel.swift in Sources */,
				A3F30F541F8D8B6700684487 /* ItemListViewController.swift in Sources */,
				A38038E91FA43EE800623A09 /* NavigationController.swift in Sources */,
				A3F30F6A1F8D8CD700684487 /* PlaylistView.swift in Sources */,
				A30912AF20DBF702001AA5D9 /* SearchPlaylistCell.swift in Sources */,
				A37DDA44217379FF00430C86 /* YoutubeSearchConditionRepository.swift in Sources */,
				A3D4D953216973370090A97D /* SearchItems.swift in Sources */,
				A33A1ABF1F5704EE0077C2B5 /* BaseTableViewCell.swift in Sources */,
				A3D4D967216984710090A97D /* YoutubeSearchCondition.swift in Sources */,
				A3D4D965216981430090A97D /* Convertible.swift in Sources */,
				A36E8D691FB485AF007FD0C9 /* SearchVideoCategoryCellModel.swift in Sources */,
				A30912AD20DBF6D8001AA5D9 /* SearchChannelCell.swift in Sources */,
				A3D4D959216973A50090A97D /* Videos.swift in Sources */,
				A3F30F561F8D8B6E00684487 /* ChannelViewController.swift in Sources */,
				A3E3FB321F85A193009209D2 /* ObservableType+Codable.swift in Sources */,
				A3D4D95B216973C10090A97D /* Channels.swift in Sources */,
			);
			runOnlyForDeploymentPostprocessing = 0;
		};
		1C0DACFC1E966B9D00B3D2C4 /* Sources */ = {
			isa = PBXSourcesBuildPhase;
			buildActionMask = 2147483647;
			files = (
				1C0DAD051E966B9D00B3D2C4 /* Rx_TubeAppTests.swift in Sources */,
			);
			runOnlyForDeploymentPostprocessing = 0;
		};
		1C0DAD071E966B9D00B3D2C4 /* Sources */ = {
			isa = PBXSourcesBuildPhase;
			buildActionMask = 2147483647;
			files = (
				1C0DAD101E966B9D00B3D2C4 /* Rx_TubeAppUITests.swift in Sources */,
			);
			runOnlyForDeploymentPostprocessing = 0;
		};
/* End PBXSourcesBuildPhase section */

/* Begin PBXTargetDependency section */
		1C0DAD021E966B9D00B3D2C4 /* PBXTargetDependency */ = {
			isa = PBXTargetDependency;
			target = 1C0DACEB1E966B9C00B3D2C4 /* Rx_TubeApp */;
			targetProxy = 1C0DAD011E966B9D00B3D2C4 /* PBXContainerItemProxy */;
		};
		1C0DAD0D1E966B9D00B3D2C4 /* PBXTargetDependency */ = {
			isa = PBXTargetDependency;
			target = 1C0DACEB1E966B9C00B3D2C4 /* Rx_TubeApp */;
			targetProxy = 1C0DAD0C1E966B9D00B3D2C4 /* PBXContainerItemProxy */;
		};
/* End PBXTargetDependency section */

/* Begin XCBuildConfiguration section */
		1C0DAD121E966B9D00B3D2C4 /* Debug */ = {
			isa = XCBuildConfiguration;
			buildSettings = {
				ALWAYS_SEARCH_USER_PATHS = NO;
				CLANG_ANALYZER_NONNULL = YES;
				CLANG_CXX_LANGUAGE_STANDARD = "gnu++0x";
				CLANG_CXX_LIBRARY = "libc++";
				CLANG_ENABLE_MODULES = YES;
				CLANG_ENABLE_OBJC_ARC = YES;
				CLANG_WARN_BLOCK_CAPTURE_AUTORELEASING = YES;
				CLANG_WARN_BOOL_CONVERSION = YES;
				CLANG_WARN_COMMA = YES;
				CLANG_WARN_CONSTANT_CONVERSION = YES;
				CLANG_WARN_DIRECT_OBJC_ISA_USAGE = YES_ERROR;
				CLANG_WARN_DOCUMENTATION_COMMENTS = YES;
				CLANG_WARN_EMPTY_BODY = YES;
				CLANG_WARN_ENUM_CONVERSION = YES;
				CLANG_WARN_INFINITE_RECURSION = YES;
				CLANG_WARN_INT_CONVERSION = YES;
				CLANG_WARN_NON_LITERAL_NULL_CONVERSION = YES;
				CLANG_WARN_OBJC_LITERAL_CONVERSION = YES;
				CLANG_WARN_OBJC_ROOT_CLASS = YES_ERROR;
				CLANG_WARN_RANGE_LOOP_ANALYSIS = YES;
				CLANG_WARN_STRICT_PROTOTYPES = YES;
				CLANG_WARN_SUSPICIOUS_MOVE = YES;
				CLANG_WARN_UNREACHABLE_CODE = YES;
				CLANG_WARN__DUPLICATE_METHOD_MATCH = YES;
				"CODE_SIGN_IDENTITY[sdk=iphoneos*]" = "iPhone Developer";
				COPY_PHASE_STRIP = NO;
				DEBUG_INFORMATION_FORMAT = dwarf;
				ENABLE_STRICT_OBJC_MSGSEND = YES;
				ENABLE_TESTABILITY = YES;
				GCC_C_LANGUAGE_STANDARD = gnu99;
				GCC_DYNAMIC_NO_PIC = NO;
				GCC_NO_COMMON_BLOCKS = YES;
				GCC_OPTIMIZATION_LEVEL = 0;
				GCC_PREPROCESSOR_DEFINITIONS = (
					"DEBUG=1",
					"$(inherited)",
				);
				GCC_WARN_64_TO_32_BIT_CONVERSION = YES;
				GCC_WARN_ABOUT_RETURN_TYPE = YES_ERROR;
				GCC_WARN_UNDECLARED_SELECTOR = YES;
				GCC_WARN_UNINITIALIZED_AUTOS = YES_AGGRESSIVE;
				GCC_WARN_UNUSED_FUNCTION = YES;
				GCC_WARN_UNUSED_VARIABLE = YES;
				IPHONEOS_DEPLOYMENT_TARGET = 10.2;
				MTL_ENABLE_DEBUG_INFO = YES;
				ONLY_ACTIVE_ARCH = YES;
				OTHER_LDFLAGS = "";
				SDKROOT = iphoneos;
				SWIFT_ACTIVE_COMPILATION_CONDITIONS = DEBUG;
				SWIFT_OPTIMIZATION_LEVEL = "-Onone";
				SWIFT_SWIFT3_OBJC_INFERENCE = Off;
				TARGETED_DEVICE_FAMILY = "1,2";
			};
			name = Debug;
		};
		1C0DAD131E966B9D00B3D2C4 /* Release */ = {
			isa = XCBuildConfiguration;
			buildSettings = {
				ALWAYS_SEARCH_USER_PATHS = NO;
				CLANG_ANALYZER_NONNULL = YES;
				CLANG_CXX_LANGUAGE_STANDARD = "gnu++0x";
				CLANG_CXX_LIBRARY = "libc++";
				CLANG_ENABLE_MODULES = YES;
				CLANG_ENABLE_OBJC_ARC = YES;
				CLANG_WARN_BLOCK_CAPTURE_AUTORELEASING = YES;
				CLANG_WARN_BOOL_CONVERSION = YES;
				CLANG_WARN_COMMA = YES;
				CLANG_WARN_CONSTANT_CONVERSION = YES;
				CLANG_WARN_DIRECT_OBJC_ISA_USAGE = YES_ERROR;
				CLANG_WARN_DOCUMENTATION_COMMENTS = YES;
				CLANG_WARN_EMPTY_BODY = YES;
				CLANG_WARN_ENUM_CONVERSION = YES;
				CLANG_WARN_INFINITE_RECURSION = YES;
				CLANG_WARN_INT_CONVERSION = YES;
				CLANG_WARN_NON_LITERAL_NULL_CONVERSION = YES;
				CLANG_WARN_OBJC_LITERAL_CONVERSION = YES;
				CLANG_WARN_OBJC_ROOT_CLASS = YES_ERROR;
				CLANG_WARN_RANGE_LOOP_ANALYSIS = YES;
				CLANG_WARN_STRICT_PROTOTYPES = YES;
				CLANG_WARN_SUSPICIOUS_MOVE = YES;
				CLANG_WARN_UNREACHABLE_CODE = YES;
				CLANG_WARN__DUPLICATE_METHOD_MATCH = YES;
				"CODE_SIGN_IDENTITY[sdk=iphoneos*]" = "iPhone Developer";
				COPY_PHASE_STRIP = NO;
				DEBUG_INFORMATION_FORMAT = "dwarf-with-dsym";
				ENABLE_NS_ASSERTIONS = NO;
				ENABLE_STRICT_OBJC_MSGSEND = YES;
				GCC_C_LANGUAGE_STANDARD = gnu99;
				GCC_NO_COMMON_BLOCKS = YES;
				GCC_WARN_64_TO_32_BIT_CONVERSION = YES;
				GCC_WARN_ABOUT_RETURN_TYPE = YES_ERROR;
				GCC_WARN_UNDECLARED_SELECTOR = YES;
				GCC_WARN_UNINITIALIZED_AUTOS = YES_AGGRESSIVE;
				GCC_WARN_UNUSED_FUNCTION = YES;
				GCC_WARN_UNUSED_VARIABLE = YES;
				IPHONEOS_DEPLOYMENT_TARGET = 10.2;
				MTL_ENABLE_DEBUG_INFO = NO;
				OTHER_LDFLAGS = "";
				SDKROOT = iphoneos;
				SWIFT_OPTIMIZATION_LEVEL = "-Owholemodule";
				SWIFT_SWIFT3_OBJC_INFERENCE = Off;
				TARGETED_DEVICE_FAMILY = "1,2";
				VALIDATE_PRODUCT = YES;
			};
			name = Release;
		};
		1C0DAD151E966B9D00B3D2C4 /* Debug */ = {
			isa = XCBuildConfiguration;
			buildSettings = {
				ASSETCATALOG_COMPILER_APPICON_NAME = AppIcon;
				"CODE_SIGN_IDENTITY[sdk=iphoneos*]" = "iPhone Developer";
				CODE_SIGN_STYLE = Automatic;
				DEVELOPMENT_TEAM = "";
				FRAMEWORK_SEARCH_PATHS = (
					"$(inherited)",
					"$(PROJECT_DIR)/Carthage/Build/iOS",
				);
				GENERATE_MASTER_OBJECT_FILE = NO;
				INFOPLIST_FILE = "$(SRCROOT)/Rx_TubeApp/Application/Info.plist";
				INSTALL_PATH = "@rpath";
				LD_RUNPATH_SEARCH_PATHS = "$(inherited) @loader_path/../Frameworks/ @executable_path/Frameworks";
				ONLY_ACTIVE_ARCH = NO;
				OTHER_LDFLAGS = "";
				OTHER_LIBTOOLFLAGS = "-ObjC";
				OTHER_SWIFT_FLAGS = "-Xfrontend -debug-time-function-bodies";
				PRODUCT_BUNDLE_IDENTIFIER = "hiroshi.Rx-TubeApp";
				PRODUCT_NAME = "$(TARGET_NAME)";
				PROVISIONING_PROFILE_SPECIFIER = "";
				SWIFT_SWIFT3_OBJC_INFERENCE = Off;
				SWIFT_VERSION = 4.0;
			};
			name = Debug;
		};
		1C0DAD161E966B9D00B3D2C4 /* Release */ = {
			isa = XCBuildConfiguration;
			buildSettings = {
				ASSETCATALOG_COMPILER_APPICON_NAME = AppIcon;
				"CODE_SIGN_IDENTITY[sdk=iphoneos*]" = "iPhone Developer";
				CODE_SIGN_STYLE = Automatic;
				DEVELOPMENT_TEAM = "";
				FRAMEWORK_SEARCH_PATHS = (
					"$(inherited)",
					"$(PROJECT_DIR)/Carthage/Build/iOS",
				);
				GENERATE_MASTER_OBJECT_FILE = NO;
				INFOPLIST_FILE = "$(SRCROOT)/Rx_TubeApp/Application/Info.plist";
				INSTALL_PATH = "@rpath";
				LD_RUNPATH_SEARCH_PATHS = "$(inherited) @loader_path/../Frameworks/ @executable_path/Frameworks";
				OTHER_LDFLAGS = "";
				OTHER_LIBTOOLFLAGS = "-ObjC";
				OTHER_SWIFT_FLAGS = "-Xfrontend -debug-time-function-bodies";
				PRODUCT_BUNDLE_IDENTIFIER = "hiroshi.Rx-TubeApp";
				PRODUCT_NAME = "$(TARGET_NAME)";
				PROVISIONING_PROFILE_SPECIFIER = "";
				SWIFT_ACTIVE_COMPILATION_CONDITIONS = "";
				SWIFT_SWIFT3_OBJC_INFERENCE = Off;
				SWIFT_VERSION = 4.0;
			};
			name = Release;
		};
		1C0DAD181E966B9D00B3D2C4 /* Debug */ = {
			isa = XCBuildConfiguration;
			buildSettings = {
				ALWAYS_EMBED_SWIFT_STANDARD_LIBRARIES = YES;
				BUNDLE_LOADER = "$(TEST_HOST)";
				INFOPLIST_FILE = Rx_TubeAppTests/Info.plist;
				LD_RUNPATH_SEARCH_PATHS = "$(inherited) @executable_path/Frameworks @loader_path/Frameworks";
				PRODUCT_BUNDLE_IDENTIFIER = "hiroshi.Rx-TubeAppTests";
				PRODUCT_NAME = "$(TARGET_NAME)";
				SWIFT_SWIFT3_OBJC_INFERENCE = Off;
				SWIFT_VERSION = 4.0;
				TEST_HOST = "$(BUILT_PRODUCTS_DIR)/Rx_TubeApp.app/Rx_TubeApp";
			};
			name = Debug;
		};
		1C0DAD191E966B9D00B3D2C4 /* Release */ = {
			isa = XCBuildConfiguration;
			buildSettings = {
				ALWAYS_EMBED_SWIFT_STANDARD_LIBRARIES = YES;
				BUNDLE_LOADER = "$(TEST_HOST)";
				INFOPLIST_FILE = Rx_TubeAppTests/Info.plist;
				LD_RUNPATH_SEARCH_PATHS = "$(inherited) @executable_path/Frameworks @loader_path/Frameworks";
				PRODUCT_BUNDLE_IDENTIFIER = "hiroshi.Rx-TubeAppTests";
				PRODUCT_NAME = "$(TARGET_NAME)";
				SWIFT_SWIFT3_OBJC_INFERENCE = Off;
				SWIFT_VERSION = 4.0;
				TEST_HOST = "$(BUILT_PRODUCTS_DIR)/Rx_TubeApp.app/Rx_TubeApp";
			};
			name = Release;
		};
		1C0DAD1B1E966B9D00B3D2C4 /* Debug */ = {
			isa = XCBuildConfiguration;
			buildSettings = {
				ALWAYS_EMBED_SWIFT_STANDARD_LIBRARIES = YES;
				INFOPLIST_FILE = Rx_TubeAppUITests/Info.plist;
				LD_RUNPATH_SEARCH_PATHS = "$(inherited) @executable_path/Frameworks @loader_path/Frameworks";
				PRODUCT_BUNDLE_IDENTIFIER = "hiroshi.Rx-TubeAppUITests";
				PRODUCT_NAME = "$(TARGET_NAME)";
				SWIFT_SWIFT3_OBJC_INFERENCE = Off;
				SWIFT_VERSION = 4.0;
				TEST_TARGET_NAME = Rx_TubeApp;
			};
			name = Debug;
		};
		1C0DAD1C1E966B9D00B3D2C4 /* Release */ = {
			isa = XCBuildConfiguration;
			buildSettings = {
				ALWAYS_EMBED_SWIFT_STANDARD_LIBRARIES = YES;
				INFOPLIST_FILE = Rx_TubeAppUITests/Info.plist;
				LD_RUNPATH_SEARCH_PATHS = "$(inherited) @executable_path/Frameworks @loader_path/Frameworks";
				PRODUCT_BUNDLE_IDENTIFIER = "hiroshi.Rx-TubeAppUITests";
				PRODUCT_NAME = "$(TARGET_NAME)";
				SWIFT_SWIFT3_OBJC_INFERENCE = Off;
				SWIFT_VERSION = 4.0;
				TEST_TARGET_NAME = Rx_TubeApp;
			};
			name = Release;
		};
/* End XCBuildConfiguration section */

/* Begin XCConfigurationList section */
		1C0DACE71E966B9C00B3D2C4 /* Build configuration list for PBXProject "Rx_TubeApp" */ = {
			isa = XCConfigurationList;
			buildConfigurations = (
				1C0DAD121E966B9D00B3D2C4 /* Debug */,
				1C0DAD131E966B9D00B3D2C4 /* Release */,
			);
			defaultConfigurationIsVisible = 0;
			defaultConfigurationName = Release;
		};
		1C0DAD141E966B9D00B3D2C4 /* Build configuration list for PBXNativeTarget "Rx_TubeApp" */ = {
			isa = XCConfigurationList;
			buildConfigurations = (
				1C0DAD151E966B9D00B3D2C4 /* Debug */,
				1C0DAD161E966B9D00B3D2C4 /* Release */,
			);
			defaultConfigurationIsVisible = 0;
			defaultConfigurationName = Release;
		};
		1C0DAD171E966B9D00B3D2C4 /* Build configuration list for PBXNativeTarget "Rx_TubeAppTests" */ = {
			isa = XCConfigurationList;
			buildConfigurations = (
				1C0DAD181E966B9D00B3D2C4 /* Debug */,
				1C0DAD191E966B9D00B3D2C4 /* Release */,
			);
			defaultConfigurationIsVisible = 0;
			defaultConfigurationName = Release;
		};
		1C0DAD1A1E966B9D00B3D2C4 /* Build configuration list for PBXNativeTarget "Rx_TubeAppUITests" */ = {
			isa = XCConfigurationList;
			buildConfigurations = (
				1C0DAD1B1E966B9D00B3D2C4 /* Debug */,
				1C0DAD1C1E966B9D00B3D2C4 /* Release */,
			);
			defaultConfigurationIsVisible = 0;
			defaultConfigurationName = Release;
		};
/* End XCConfigurationList section */
	};
	rootObject = 1C0DACE41E966B9C00B3D2C4 /* Project object */;
}
